// !$*UTF8*$!
{
	archiveVersion = 1;
	classes = {
	};
	objectVersion = 46;
	objects = {

/* Begin PBXBuildFile section */
		930CA6971D1CBE29003C6864 /* UserAccountTVC.m in Sources */ = {isa = PBXBuildFile; fileRef = 930CA6961D1CBE29003C6864 /* UserAccountTVC.m */; };
		932F2E971CC88BD10050094A /* main.m in Sources */ = {isa = PBXBuildFile; fileRef = 932F2E961CC88BD10050094A /* main.m */; };
		932F2E9A1CC88BD10050094A /* AppDelegate.m in Sources */ = {isa = PBXBuildFile; fileRef = 932F2E991CC88BD10050094A /* AppDelegate.m */; };
		932F2E9D1CC88BD10050094A /* ViewController.m in Sources */ = {isa = PBXBuildFile; fileRef = 932F2E9C1CC88BD10050094A /* ViewController.m */; };
		932F2EA01CC88BD10050094A /* Main.storyboard in Resources */ = {isa = PBXBuildFile; fileRef = 932F2E9E1CC88BD10050094A /* Main.storyboard */; };
		932F2EA21CC88BD10050094A /* Assets.xcassets in Resources */ = {isa = PBXBuildFile; fileRef = 932F2EA11CC88BD10050094A /* Assets.xcassets */; };
		932F2EA51CC88BD10050094A /* LaunchScreen.storyboard in Resources */ = {isa = PBXBuildFile; fileRef = 932F2EA31CC88BD10050094A /* LaunchScreen.storyboard */; };
		932F2EB01CC88BD10050094A /* Metal_PrintsTests.m in Sources */ = {isa = PBXBuildFile; fileRef = 932F2EAF1CC88BD10050094A /* Metal_PrintsTests.m */; };
		932F2EBB1CC88BD10050094A /* Metal_PrintsUITests.m in Sources */ = {isa = PBXBuildFile; fileRef = 932F2EBA1CC88BD10050094A /* Metal_PrintsUITests.m */; };
		932F2ECA1CC88C860050094A /* OrderTVC.m in Sources */ = {isa = PBXBuildFile; fileRef = 932F2EC91CC88C860050094A /* OrderTVC.m */; };
		932F2ECF1CC8946E0050094A /* camera icon.png in Resources */ = {isa = PBXBuildFile; fileRef = 932F2ECE1CC8946E0050094A /* camera icon.png */; };
		932F2ED21CC894C70050094A /* DetailsTVC.m in Sources */ = {isa = PBXBuildFile; fileRef = 932F2ED11CC894C70050094A /* DetailsTVC.m */; };
		932F2ED51CC897ED0050094A /* CCTVC.m in Sources */ = {isa = PBXBuildFile; fileRef = 932F2ED41CC897ED0050094A /* CCTVC.m */; };
		932F2ED81CC897FC0050094A /* ShippingTVC.m in Sources */ = {isa = PBXBuildFile; fileRef = 932F2ED71CC897FC0050094A /* ShippingTVC.m */; };
		932F2EDB1CC898100050094A /* OrderPlacedVC.m in Sources */ = {isa = PBXBuildFile; fileRef = 932F2EDA1CC898100050094A /* OrderPlacedVC.m */; };
		932F2EDE1CC8981D0050094A /* ProductsTVC.m in Sources */ = {isa = PBXBuildFile; fileRef = 932F2EDD1CC8981D0050094A /* ProductsTVC.m */; };
		932F2EE11CC89B4F0050094A /* ProductTVCCell.m in Sources */ = {isa = PBXBuildFile; fileRef = 932F2EE01CC89B4F0050094A /* ProductTVCCell.m */; };
		932F2EE31CC95EDF0050094A /* KinveyKit.framework in Frameworks */ = {isa = PBXBuildFile; fileRef = 932F2EE21CC95EDF0050094A /* KinveyKit.framework */; };
		932F2EF31CC95F470050094A /* Accounts.framework in Frameworks */ = {isa = PBXBuildFile; fileRef = 932F2EE81CC95F470050094A /* Accounts.framework */; };
		932F2EF41CC95F470050094A /* CoreGraphics.framework in Frameworks */ = {isa = PBXBuildFile; fileRef = 932F2EE91CC95F470050094A /* CoreGraphics.framework */; };
		932F2EF51CC95F470050094A /* CoreMedia.framework in Frameworks */ = {isa = PBXBuildFile; fileRef = 932F2EEA1CC95F470050094A /* CoreMedia.framework */; };
		932F2EF61CC95F470050094A /* CoreTelephony.framework in Frameworks */ = {isa = PBXBuildFile; fileRef = 932F2EEB1CC95F470050094A /* CoreTelephony.framework */; };
		932F2EF71CC95F470050094A /* EventKit.framework in Frameworks */ = {isa = PBXBuildFile; fileRef = 932F2EEC1CC95F470050094A /* EventKit.framework */; };
		932F2EF81CC95F470050094A /* EventKitUI.framework in Frameworks */ = {isa = PBXBuildFile; fileRef = 932F2EED1CC95F470050094A /* EventKitUI.framework */; };
		932F2EF91CC95F470050094A /* MessageUI.framework in Frameworks */ = {isa = PBXBuildFile; fileRef = 932F2EEE1CC95F470050094A /* MessageUI.framework */; };
		932F2EFA1CC95F470050094A /* Security.framework in Frameworks */ = {isa = PBXBuildFile; fileRef = 932F2EEF1CC95F470050094A /* Security.framework */; };
		932F2EFB1CC95F470050094A /* Social.framework in Frameworks */ = {isa = PBXBuildFile; fileRef = 932F2EF01CC95F470050094A /* Social.framework */; };
		932F2EFC1CC95F470050094A /* SystemConfiguration.framework in Frameworks */ = {isa = PBXBuildFile; fileRef = 932F2EF11CC95F470050094A /* SystemConfiguration.framework */; };
		932F2EFD1CC95F470050094A /* UIKit.framework in Frameworks */ = {isa = PBXBuildFile; fileRef = 932F2EF21CC95F470050094A /* UIKit.framework */; };
		932F2EFF1CC95F500050094A /* libsqlite3.tbd in Frameworks */ = {isa = PBXBuildFile; fileRef = 932F2EFE1CC95F500050094A /* libsqlite3.tbd */; };
		932F2F071CC962920050094A /* Reachability.m in Sources */ = {isa = PBXBuildFile; fileRef = 932F2F041CC962920050094A /* Reachability.m */; };
		932F2F0B1CC963E10050094A /* Order.m in Sources */ = {isa = PBXBuildFile; fileRef = 932F2F0A1CC963E10050094A /* Order.m */; };
		932F2F0D1CC96A780050094A /* plainicon.com-54418-512px-51c.png in Resources */ = {isa = PBXBuildFile; fileRef = 932F2F0C1CC96A780050094A /* plainicon.com-54418-512px-51c.png */; };
		932F2F101CC988460050094A /* camera.png in Resources */ = {isa = PBXBuildFile; fileRef = 932F2F0E1CC988460050094A /* camera.png */; };
		932F2F111CC988460050094A /* photo icon.png in Resources */ = {isa = PBXBuildFile; fileRef = 932F2F0F1CC988460050094A /* photo icon.png */; };
		932F2F131CC9A3240050094A /* up-down.png in Resources */ = {isa = PBXBuildFile; fileRef = 932F2F121CC9A3230050094A /* up-down.png */; };
		932F2F161CC9D5E80050094A /* photos_on_aluminum.jpg in Resources */ = {isa = PBXBuildFile; fileRef = 932F2F151CC9D5E70050094A /* photos_on_aluminum.jpg */; };
		932F2F181CC9D6730050094A /* photosonwood4web.jpg in Resources */ = {isa = PBXBuildFile; fileRef = 932F2F171CC9D6730050094A /* photosonwood4web.jpg */; };
		932F2F1C1CC9DDE40050094A /* shopping cart.png in Resources */ = {isa = PBXBuildFile; fileRef = 932F2F1B1CC9DDE40050094A /* shopping cart.png */; };
		932FCB651CF4059D00CF8869 /* TestVC.m in Sources */ = {isa = PBXBuildFile; fileRef = 932FCB641CF4059D00CF8869 /* TestVC.m */; };
		934906591CCDAD2C00E69EB4 /* Front_EndVC.m in Sources */ = {isa = PBXBuildFile; fileRef = 934906581CCDAD2C00E69EB4 /* Front_EndVC.m */; };
		9369C8B61D3C2F0100FCD2CC /* TabController.m in Sources */ = {isa = PBXBuildFile; fileRef = 9369C8B51D3C2F0100FCD2CC /* TabController.m */; };
		9369C8BE1D3C384900FCD2CC /* thin-363_photo_image_album-512.png in Resources */ = {isa = PBXBuildFile; fileRef = 9369C8BD1D3C384900FCD2CC /* thin-363_photo_image_album-512.png */; };
		9369C8C01D3C387D00FCD2CC /* grocery-cart-icon-6.png in Resources */ = {isa = PBXBuildFile; fileRef = 9369C8BF1D3C387D00FCD2CC /* grocery-cart-icon-6.png */; };
		9369C8C21D3C389900FCD2CC /* shop-icon.png in Resources */ = {isa = PBXBuildFile; fileRef = 9369C8C11D3C389900FCD2CC /* shop-icon.png */; };
		9369C8C51D3C943400FCD2CC /* ImageCropView.m in Sources */ = {isa = PBXBuildFile; fileRef = 9369C8C41D3C943400FCD2CC /* ImageCropView.m */; };
		9369C8C81D3C951B00FCD2CC /* FXBlurView.m in Sources */ = {isa = PBXBuildFile; fileRef = 9369C8C71D3C951B00FCD2CC /* FXBlurView.m */; };
		9369C8CB1D3DC21900FCD2CC /* ImageCollectionViewCell.m in Sources */ = {isa = PBXBuildFile; fileRef = 9369C8CA1D3DC21800FCD2CC /* ImageCollectionViewCell.m */; };
		9369C8CF1D3DC6CC00FCD2CC /* photo-gallery-512.png in Resources */ = {isa = PBXBuildFile; fileRef = 9369C8CE1D3DC6CC00FCD2CC /* photo-gallery-512.png */; };
		9369C8D11D3F250A00FCD2CC /* MW-Icon-CheckMark.svg.png in Resources */ = {isa = PBXBuildFile; fileRef = 9369C8D01D3F250A00FCD2CC /* MW-Icon-CheckMark.svg.png */; };
		9386601F1CDEC7B300C1F208 /* NonCopyPasteTextField.m in Sources */ = {isa = PBXBuildFile; fileRef = 9386601E1CDEC7B200C1F208 /* NonCopyPasteTextField.m */; };
		938660221CDFD7A100C1F208 /* ActualCCTVC.m in Sources */ = {isa = PBXBuildFile; fileRef = 938660211CDFD7A100C1F208 /* ActualCCTVC.m */; };
		9399C4871CF8CBDD00818E10 /* DetailsTVCCell.m in Sources */ = {isa = PBXBuildFile; fileRef = 9399C4861CF8CBDD00818E10 /* DetailsTVCCell.m */; };
		93B4DECE1CCF259700C6E07A /* ShoppingCartTVC.m in Sources */ = {isa = PBXBuildFile; fileRef = 93B4DECD1CCF259700C6E07A /* ShoppingCartTVC.m */; };
		93B4DED11CCF25B900C6E07A /* CartTVCCell.m in Sources */ = {isa = PBXBuildFile; fileRef = 93B4DED01CCF25B900C6E07A /* CartTVCCell.m */; };
		93C8CBDD1D1EFECB00EA4C5A /* ImageCollectionViewController.m in Sources */ = {isa = PBXBuildFile; fileRef = 93C8CBDC1D1EFECB00EA4C5A /* ImageCollectionViewController.m */; };
		93CB294D1D4C1D0F00DD5F76 /* HighlightedImageCVC.m in Sources */ = {isa = PBXBuildFile; fileRef = 93CB294C1D4C1D0F00DD5F76 /* HighlightedImageCVC.m */; };
		FB35D0EB1D5AE03100BCD6C6 /* ProductCategorySelectionCollection.m in Sources */ = {isa = PBXBuildFile; fileRef = FB35D0EA1D5AE03100BCD6C6 /* ProductCategorySelectionCollection.m */; };
		FB35D0EE1D5AE3C000BCD6C6 /* ProductCategoryCell.m in Sources */ = {isa = PBXBuildFile; fileRef = FB35D0ED1D5AE3C000BCD6C6 /* ProductCategoryCell.m */; };
		FB35D0F11D5BB63100BCD6C6 /* ProductCollectionViewController.m in Sources */ = {isa = PBXBuildFile; fileRef = FB35D0F01D5BB63100BCD6C6 /* ProductCollectionViewController.m */; };
		FB35D0F41D5BB64200BCD6C6 /* ProductCollectionViewCell.m in Sources */ = {isa = PBXBuildFile; fileRef = FB35D0F31D5BB64200BCD6C6 /* ProductCollectionViewCell.m */; };
		FB4FE78D1D80EF80004C72E0 /* Main_4_inch.storyboard in Resources */ = {isa = PBXBuildFile; fileRef = FB4FE78C1D80EF80004C72E0 /* Main_4_inch.storyboard */; };
		FB4FE7901D80EF93004C72E0 /* Main_3.5_inch.storyboard in Resources */ = {isa = PBXBuildFile; fileRef = FB4FE78E1D80EF93004C72E0 /* Main_3.5_inch.storyboard */; };
		FB5047F21D5D642E00B2E223 /* aluminum-tin-cans.jpg in Resources */ = {isa = PBXBuildFile; fileRef = FB5047F11D5D642E00B2E223 /* aluminum-tin-cans.jpg */; };
		FB5047F41D5D649C00B2E223 /* wildtextures-old-wood-original-file.jpg in Resources */ = {isa = PBXBuildFile; fileRef = FB5047F31D5D649C00B2E223 /* wildtextures-old-wood-original-file.jpg */; };
		FB5047F61D5D64D100B2E223 /* broadway-coffee-mug.jpg in Resources */ = {isa = PBXBuildFile; fileRef = FB5047F51D5D64D100B2E223 /* broadway-coffee-mug.jpg */; };
		FB5047F81D5D64EB00B2E223 /* d4e7cb05ecf41db9a0b4cafccae2c4a0.jpg in Resources */ = {isa = PBXBuildFile; fileRef = FB5047F71D5D64EB00B2E223 /* d4e7cb05ecf41db9a0b4cafccae2c4a0.jpg */; };
		FB5047FB1D5E94B500B2E223 /* ShippingInfoVC.m in Sources */ = {isa = PBXBuildFile; fileRef = FB5047FA1D5E94B500B2E223 /* ShippingInfoVC.m */; };
		FBA823401D79A5300028D3A1 /* LoveStoryProjectLogo.jpg in Resources */ = {isa = PBXBuildFile; fileRef = FBA8233F1D79A5300028D3A1 /* LoveStoryProjectLogo.jpg */; };
		FBA823421D7A850E0028D3A1 /* Stripe.framework in Frameworks */ = {isa = PBXBuildFile; fileRef = FBA823411D7A850E0028D3A1 /* Stripe.framework */; };
		FBA823441D7A85200028D3A1 /* Stripe.bundle in Resources */ = {isa = PBXBuildFile; fileRef = FBA823431D7A85200028D3A1 /* Stripe.bundle */; };
		FBA823471D7A87430028D3A1 /* StripeViewController.m in Sources */ = {isa = PBXBuildFile; fileRef = FBA823461D7A87430028D3A1 /* StripeViewController.m */; };
		FBA823961D7BC6B70028D3A1 /* 2x3 aluminum.png in Resources */ = {isa = PBXBuildFile; fileRef = FBA823861D7BC6B70028D3A1 /* 2x3 aluminum.png */; };
		FBA823971D7BC6B70028D3A1 /* 4x4 aluminum.png in Resources */ = {isa = PBXBuildFile; fileRef = FBA823871D7BC6B70028D3A1 /* 4x4 aluminum.png */; };
		FBA823981D7BC6B70028D3A1 /* 4x6 aluminum.png in Resources */ = {isa = PBXBuildFile; fileRef = FBA823881D7BC6B70028D3A1 /* 4x6 aluminum.png */; };
		FBA823991D7BC6B70028D3A1 /* 5x5  aluminum.png in Resources */ = {isa = PBXBuildFile; fileRef = FBA823891D7BC6B70028D3A1 /* 5x5  aluminum.png */; };
		FBA8239A1D7BC6B70028D3A1 /* 5x7 aluminum.png in Resources */ = {isa = PBXBuildFile; fileRef = FBA8238A1D7BC6B70028D3A1 /* 5x7 aluminum.png */; };
		FBA8239B1D7BC6B70028D3A1 /* 5x10 aluminum.png in Resources */ = {isa = PBXBuildFile; fileRef = FBA8238B1D7BC6B70028D3A1 /* 5x10 aluminum.png */; };
		FBA8239C1D7BC6B70028D3A1 /* 5x11 aluminum.png in Resources */ = {isa = PBXBuildFile; fileRef = FBA8238C1D7BC6B70028D3A1 /* 5x11 aluminum.png */; };
		FBA8239D1D7BC6B70028D3A1 /* 5x17 aluminum.png in Resources */ = {isa = PBXBuildFile; fileRef = FBA8238D1D7BC6B70028D3A1 /* 5x17 aluminum.png */; };
		FBA8239E1D7BC6B70028D3A1 /* 8x8 aluminum.png in Resources */ = {isa = PBXBuildFile; fileRef = FBA8238E1D7BC6B70028D3A1 /* 8x8 aluminum.png */; };
		FBA8239F1D7BC6B70028D3A1 /* 8x10 aluminum.png in Resources */ = {isa = PBXBuildFile; fileRef = FBA8238F1D7BC6B70028D3A1 /* 8x10 aluminum.png */; };
		FBA823A01D7BC6B70028D3A1 /* 8x12 aluminum.png in Resources */ = {isa = PBXBuildFile; fileRef = FBA823901D7BC6B70028D3A1 /* 8x12 aluminum.png */; };
		FBA823A11D7BC6B70028D3A1 /* 10x10 aluminum.png in Resources */ = {isa = PBXBuildFile; fileRef = FBA823911D7BC6B70028D3A1 /* 10x10 aluminum.png */; };
		FBA823A21D7BC6B70028D3A1 /* 11x14 aluminum.png in Resources */ = {isa = PBXBuildFile; fileRef = FBA823921D7BC6B70028D3A1 /* 11x14 aluminum.png */; };
		FBA823A31D7BC6B70028D3A1 /* 11x17 aluminum.png in Resources */ = {isa = PBXBuildFile; fileRef = FBA823931D7BC6B70028D3A1 /* 11x17 aluminum.png */; };
		FBA823A41D7BC6B70028D3A1 /* 12x12 aluminum.png in Resources */ = {isa = PBXBuildFile; fileRef = FBA823941D7BC6B70028D3A1 /* 12x12 aluminum.png */; };
		FBA823A51D7BC6B70028D3A1 /* 12x18 aluminum.png in Resources */ = {isa = PBXBuildFile; fileRef = FBA823951D7BC6B70028D3A1 /* 12x18 aluminum.png */; };
		FBA823A91D7BC6BE0028D3A1 /* 6x6 slate.png in Resources */ = {isa = PBXBuildFile; fileRef = FBA823A61D7BC6BE0028D3A1 /* 6x6 slate.png */; };
		FBA823AA1D7BC6BE0028D3A1 /* 6x8 slate.png in Resources */ = {isa = PBXBuildFile; fileRef = FBA823A71D7BC6BE0028D3A1 /* 6x8 slate.png */; };
		FBA823AB1D7BC6BE0028D3A1 /* 8x12 slate.png in Resources */ = {isa = PBXBuildFile; fileRef = FBA823A81D7BC6BE0028D3A1 /* 8x12 slate.png */; };
		FBA823B01D7BC6C30028D3A1 /* 4x4 tile.png in Resources */ = {isa = PBXBuildFile; fileRef = FBA823AC1D7BC6C30028D3A1 /* 4x4 tile.png */; };
		FBA823B11D7BC6C30028D3A1 /* 6x6 tile.png in Resources */ = {isa = PBXBuildFile; fileRef = FBA823AD1D7BC6C30028D3A1 /* 6x6 tile.png */; };
		FBA823B21D7BC6C30028D3A1 /* 6x8 tile.png in Resources */ = {isa = PBXBuildFile; fileRef = FBA823AE1D7BC6C30028D3A1 /* 6x8 tile.png */; };
		FBA823B31D7BC6C30028D3A1 /* 8x10 tile.png in Resources */ = {isa = PBXBuildFile; fileRef = FBA823AF1D7BC6C30028D3A1 /* 8x10 tile.png */; };
		FBA823B81D7BC6CA0028D3A1 /* 8x8 wood.png in Resources */ = {isa = PBXBuildFile; fileRef = FBA823B41D7BC6CA0028D3A1 /* 8x8 wood.png */; };
		FBA823B91D7BC6CA0028D3A1 /* 8x10 wood.png in Resources */ = {isa = PBXBuildFile; fileRef = FBA823B51D7BC6CA0028D3A1 /* 8x10 wood.png */; };
		FBA823BA1D7BC6CA0028D3A1 /* 10x10 wood.png in Resources */ = {isa = PBXBuildFile; fileRef = FBA823B61D7BC6CA0028D3A1 /* 10x10 wood.png */; };
		FBA823BB1D7BC6CA0028D3A1 /* 11x14 wood.png in Resources */ = {isa = PBXBuildFile; fileRef = FBA823B71D7BC6CA0028D3A1 /* 11x14 wood.png */; };
		FBA823BE1D7CB1140028D3A1 /* RTSerializer.m in Sources */ = {isa = PBXBuildFile; fileRef = FBA823BD1D7CB1140028D3A1 /* RTSerializer.m */; };
		FBA823C11D7CB11F0028D3A1 /* Sendpulse.m in Sources */ = {isa = PBXBuildFile; fileRef = FBA823C01D7CB11F0028D3A1 /* Sendpulse.m */; };
		FBA823D71D7CB1280028D3A1 /* SBJsonParser.m in Sources */ = {isa = PBXBuildFile; fileRef = FBA823C41D7CB1280028D3A1 /* SBJsonParser.m */; };
		FBA823D81D7CB1280028D3A1 /* SBJsonStreamParser.m in Sources */ = {isa = PBXBuildFile; fileRef = FBA823C61D7CB1280028D3A1 /* SBJsonStreamParser.m */; };
		FBA823D91D7CB1280028D3A1 /* SBJsonStreamParserAccumulator.m in Sources */ = {isa = PBXBuildFile; fileRef = FBA823C81D7CB1280028D3A1 /* SBJsonStreamParserAccumulator.m */; };
		FBA823DA1D7CB1280028D3A1 /* SBJsonStreamParserAdapter.m in Sources */ = {isa = PBXBuildFile; fileRef = FBA823CA1D7CB1280028D3A1 /* SBJsonStreamParserAdapter.m */; };
		FBA823DB1D7CB1280028D3A1 /* SBJsonStreamParserState.m in Sources */ = {isa = PBXBuildFile; fileRef = FBA823CC1D7CB1280028D3A1 /* SBJsonStreamParserState.m */; };
		FBA823DC1D7CB1280028D3A1 /* SBJsonStreamTokeniser.m in Sources */ = {isa = PBXBuildFile; fileRef = FBA823CE1D7CB1280028D3A1 /* SBJsonStreamTokeniser.m */; };
		FBA823DD1D7CB1280028D3A1 /* SBJsonStreamWriter.m in Sources */ = {isa = PBXBuildFile; fileRef = FBA823D01D7CB1280028D3A1 /* SBJsonStreamWriter.m */; };
		FBA823DE1D7CB1280028D3A1 /* SBJsonStreamWriterAccumulator.m in Sources */ = {isa = PBXBuildFile; fileRef = FBA823D21D7CB1280028D3A1 /* SBJsonStreamWriterAccumulator.m */; };
		FBA823DF1D7CB1280028D3A1 /* SBJsonStreamWriterState.m in Sources */ = {isa = PBXBuildFile; fileRef = FBA823D41D7CB1280028D3A1 /* SBJsonStreamWriterState.m */; };
		FBA823E01D7CB1280028D3A1 /* SBJsonWriter.m in Sources */ = {isa = PBXBuildFile; fileRef = FBA823D61D7CB1280028D3A1 /* SBJsonWriter.m */; };
		FBBF087E1D6A1A3900BF5332 /* rounded-512.png in Resources */ = {isa = PBXBuildFile; fileRef = FBBF087D1D6A1A3900BF5332 /* rounded-512.png */; };
		FBE5C83F1D74756C00B78EC6 /* Screen Shot 2016-08-29 at 6.50.44 AM.png in Resources */ = {isa = PBXBuildFile; fileRef = FBE5C83E1D74756C00B78EC6 /* Screen Shot 2016-08-29 at 6.50.44 AM.png */; };
		FBE5C8411D74775A00B78EC6 /* secure-payment.png in Resources */ = {isa = PBXBuildFile; fileRef = FBE5C8401D74775A00B78EC6 /* secure-payment.png */; };
		FBE8DDEA1D79157400693765 /* LaunchController.m in Sources */ = {isa = PBXBuildFile; fileRef = FBE8DDE91D79157400693765 /* LaunchController.m */; };
		FBF301C11D6A445B0076C070 /* UserObject.m in Sources */ = {isa = PBXBuildFile; fileRef = FBF301C01D6A445B0076C070 /* UserObject.m */; };
		FBF301C41D6A449B0076C070 /* UserShipping.m in Sources */ = {isa = PBXBuildFile; fileRef = FBF301C31D6A449B0076C070 /* UserShipping.m */; };
		FBF301C71D6A44A60076C070 /* UserBilling.m in Sources */ = {isa = PBXBuildFile; fileRef = FBF301C61D6A44A60076C070 /* UserBilling.m */; };
		FBF301CA1D6A45980076C070 /* UserPayment.m in Sources */ = {isa = PBXBuildFile; fileRef = FBF301C91D6A45980076C070 /* UserPayment.m */; };
		FBF301CE1D6B2F460076C070 /* BillingVC.m in Sources */ = {isa = PBXBuildFile; fileRef = FBF301CD1D6B2F460076C070 /* BillingVC.m */; };
		FBF301D31D6B2FCE0076C070 /* PaymentVC.m in Sources */ = {isa = PBXBuildFile; fileRef = FBF301D21D6B2FCE0076C070 /* PaymentVC.m */; };
/* End PBXBuildFile section */

/* Begin PBXContainerItemProxy section */
		932F2EAC1CC88BD10050094A /* PBXContainerItemProxy */ = {
			isa = PBXContainerItemProxy;
			containerPortal = 932F2E8A1CC88BCD0050094A /* Project object */;
			proxyType = 1;
			remoteGlobalIDString = 932F2E911CC88BCD0050094A;
			remoteInfo = "Metal Prints";
		};
		932F2EB71CC88BD10050094A /* PBXContainerItemProxy */ = {
			isa = PBXContainerItemProxy;
			containerPortal = 932F2E8A1CC88BCD0050094A /* Project object */;
			proxyType = 1;
			remoteGlobalIDString = 932F2E911CC88BCD0050094A;
			remoteInfo = "Metal Prints";
		};
/* End PBXContainerItemProxy section */

/* Begin PBXFileReference section */
		930CA6951D1CBE29003C6864 /* UserAccountTVC.h */ = {isa = PBXFileReference; fileEncoding = 4; lastKnownFileType = sourcecode.c.h; path = UserAccountTVC.h; sourceTree = "<group>"; };
		930CA6961D1CBE29003C6864 /* UserAccountTVC.m */ = {isa = PBXFileReference; fileEncoding = 4; lastKnownFileType = sourcecode.c.objc; path = UserAccountTVC.m; sourceTree = "<group>"; };
		932F2E921CC88BCD0050094A /* Metal Prints.app */ = {isa = PBXFileReference; explicitFileType = wrapper.application; includeInIndex = 0; path = "Metal Prints.app"; sourceTree = BUILT_PRODUCTS_DIR; };
		932F2E961CC88BD10050094A /* main.m */ = {isa = PBXFileReference; lastKnownFileType = sourcecode.c.objc; path = main.m; sourceTree = "<group>"; };
		932F2E981CC88BD10050094A /* AppDelegate.h */ = {isa = PBXFileReference; lastKnownFileType = sourcecode.c.h; path = AppDelegate.h; sourceTree = "<group>"; };
		932F2E991CC88BD10050094A /* AppDelegate.m */ = {isa = PBXFileReference; lastKnownFileType = sourcecode.c.objc; path = AppDelegate.m; sourceTree = "<group>"; };
		932F2E9B1CC88BD10050094A /* ViewController.h */ = {isa = PBXFileReference; lastKnownFileType = sourcecode.c.h; path = ViewController.h; sourceTree = "<group>"; };
		932F2E9C1CC88BD10050094A /* ViewController.m */ = {isa = PBXFileReference; lastKnownFileType = sourcecode.c.objc; path = ViewController.m; sourceTree = "<group>"; };
		932F2E9F1CC88BD10050094A /* Base */ = {isa = PBXFileReference; lastKnownFileType = file.storyboard; name = Base; path = Base.lproj/Main.storyboard; sourceTree = "<group>"; };
		932F2EA11CC88BD10050094A /* Assets.xcassets */ = {isa = PBXFileReference; lastKnownFileType = folder.assetcatalog; path = Assets.xcassets; sourceTree = "<group>"; };
		932F2EA41CC88BD10050094A /* Base */ = {isa = PBXFileReference; lastKnownFileType = file.storyboard; name = Base; path = Base.lproj/LaunchScreen.storyboard; sourceTree = "<group>"; };
		932F2EA61CC88BD10050094A /* Info.plist */ = {isa = PBXFileReference; lastKnownFileType = text.plist.xml; path = Info.plist; sourceTree = "<group>"; };
		932F2EAB1CC88BD10050094A /* Metal PrintsTests.xctest */ = {isa = PBXFileReference; explicitFileType = wrapper.cfbundle; includeInIndex = 0; path = "Metal PrintsTests.xctest"; sourceTree = BUILT_PRODUCTS_DIR; };
		932F2EAF1CC88BD10050094A /* Metal_PrintsTests.m */ = {isa = PBXFileReference; lastKnownFileType = sourcecode.c.objc; path = Metal_PrintsTests.m; sourceTree = "<group>"; };
		932F2EB11CC88BD10050094A /* Info.plist */ = {isa = PBXFileReference; lastKnownFileType = text.plist.xml; path = Info.plist; sourceTree = "<group>"; };
		932F2EB61CC88BD10050094A /* Metal PrintsUITests.xctest */ = {isa = PBXFileReference; explicitFileType = wrapper.cfbundle; includeInIndex = 0; path = "Metal PrintsUITests.xctest"; sourceTree = BUILT_PRODUCTS_DIR; };
		932F2EBA1CC88BD10050094A /* Metal_PrintsUITests.m */ = {isa = PBXFileReference; lastKnownFileType = sourcecode.c.objc; path = Metal_PrintsUITests.m; sourceTree = "<group>"; };
		932F2EBC1CC88BD10050094A /* Info.plist */ = {isa = PBXFileReference; lastKnownFileType = text.plist.xml; path = Info.plist; sourceTree = "<group>"; };
		932F2EC81CC88C860050094A /* OrderTVC.h */ = {isa = PBXFileReference; fileEncoding = 4; lastKnownFileType = sourcecode.c.h; path = OrderTVC.h; sourceTree = "<group>"; };
		932F2EC91CC88C860050094A /* OrderTVC.m */ = {isa = PBXFileReference; fileEncoding = 4; lastKnownFileType = sourcecode.c.objc; path = OrderTVC.m; sourceTree = "<group>"; };
		932F2ECE1CC8946E0050094A /* camera icon.png */ = {isa = PBXFileReference; lastKnownFileType = image.png; path = "camera icon.png"; sourceTree = "<group>"; };
		932F2ED01CC894C70050094A /* DetailsTVC.h */ = {isa = PBXFileReference; fileEncoding = 4; lastKnownFileType = sourcecode.c.h; path = DetailsTVC.h; sourceTree = "<group>"; };
		932F2ED11CC894C70050094A /* DetailsTVC.m */ = {isa = PBXFileReference; fileEncoding = 4; lastKnownFileType = sourcecode.c.objc; path = DetailsTVC.m; sourceTree = "<group>"; };
		932F2ED31CC897ED0050094A /* CCTVC.h */ = {isa = PBXFileReference; fileEncoding = 4; lastKnownFileType = sourcecode.c.h; path = CCTVC.h; sourceTree = "<group>"; };
		932F2ED41CC897ED0050094A /* CCTVC.m */ = {isa = PBXFileReference; fileEncoding = 4; lastKnownFileType = sourcecode.c.objc; path = CCTVC.m; sourceTree = "<group>"; };
		932F2ED61CC897FC0050094A /* ShippingTVC.h */ = {isa = PBXFileReference; fileEncoding = 4; lastKnownFileType = sourcecode.c.h; path = ShippingTVC.h; sourceTree = "<group>"; };
		932F2ED71CC897FC0050094A /* ShippingTVC.m */ = {isa = PBXFileReference; fileEncoding = 4; lastKnownFileType = sourcecode.c.objc; path = ShippingTVC.m; sourceTree = "<group>"; };
		932F2ED91CC898100050094A /* OrderPlacedVC.h */ = {isa = PBXFileReference; fileEncoding = 4; lastKnownFileType = sourcecode.c.h; path = OrderPlacedVC.h; sourceTree = "<group>"; };
		932F2EDA1CC898100050094A /* OrderPlacedVC.m */ = {isa = PBXFileReference; fileEncoding = 4; lastKnownFileType = sourcecode.c.objc; path = OrderPlacedVC.m; sourceTree = "<group>"; };
		932F2EDC1CC8981D0050094A /* ProductsTVC.h */ = {isa = PBXFileReference; fileEncoding = 4; lastKnownFileType = sourcecode.c.h; path = ProductsTVC.h; sourceTree = "<group>"; };
		932F2EDD1CC8981D0050094A /* ProductsTVC.m */ = {isa = PBXFileReference; fileEncoding = 4; lastKnownFileType = sourcecode.c.objc; path = ProductsTVC.m; sourceTree = "<group>"; };
		932F2EDF1CC89B4F0050094A /* ProductTVCCell.h */ = {isa = PBXFileReference; fileEncoding = 4; lastKnownFileType = sourcecode.c.h; path = ProductTVCCell.h; sourceTree = "<group>"; };
		932F2EE01CC89B4F0050094A /* ProductTVCCell.m */ = {isa = PBXFileReference; fileEncoding = 4; lastKnownFileType = sourcecode.c.objc; path = ProductTVCCell.m; sourceTree = "<group>"; };
		932F2EE21CC95EDF0050094A /* KinveyKit.framework */ = {isa = PBXFileReference; lastKnownFileType = wrapper.framework; path = KinveyKit.framework; sourceTree = "<group>"; };
		932F2EE81CC95F470050094A /* Accounts.framework */ = {isa = PBXFileReference; lastKnownFileType = wrapper.framework; name = Accounts.framework; path = System/Library/Frameworks/Accounts.framework; sourceTree = SDKROOT; };
		932F2EE91CC95F470050094A /* CoreGraphics.framework */ = {isa = PBXFileReference; lastKnownFileType = wrapper.framework; name = CoreGraphics.framework; path = System/Library/Frameworks/CoreGraphics.framework; sourceTree = SDKROOT; };
		932F2EEA1CC95F470050094A /* CoreMedia.framework */ = {isa = PBXFileReference; lastKnownFileType = wrapper.framework; name = CoreMedia.framework; path = System/Library/Frameworks/CoreMedia.framework; sourceTree = SDKROOT; };
		932F2EEB1CC95F470050094A /* CoreTelephony.framework */ = {isa = PBXFileReference; lastKnownFileType = wrapper.framework; name = CoreTelephony.framework; path = System/Library/Frameworks/CoreTelephony.framework; sourceTree = SDKROOT; };
		932F2EEC1CC95F470050094A /* EventKit.framework */ = {isa = PBXFileReference; lastKnownFileType = wrapper.framework; name = EventKit.framework; path = System/Library/Frameworks/EventKit.framework; sourceTree = SDKROOT; };
		932F2EED1CC95F470050094A /* EventKitUI.framework */ = {isa = PBXFileReference; lastKnownFileType = wrapper.framework; name = EventKitUI.framework; path = System/Library/Frameworks/EventKitUI.framework; sourceTree = SDKROOT; };
		932F2EEE1CC95F470050094A /* MessageUI.framework */ = {isa = PBXFileReference; lastKnownFileType = wrapper.framework; name = MessageUI.framework; path = System/Library/Frameworks/MessageUI.framework; sourceTree = SDKROOT; };
		932F2EEF1CC95F470050094A /* Security.framework */ = {isa = PBXFileReference; lastKnownFileType = wrapper.framework; name = Security.framework; path = System/Library/Frameworks/Security.framework; sourceTree = SDKROOT; };
		932F2EF01CC95F470050094A /* Social.framework */ = {isa = PBXFileReference; lastKnownFileType = wrapper.framework; name = Social.framework; path = System/Library/Frameworks/Social.framework; sourceTree = SDKROOT; };
		932F2EF11CC95F470050094A /* SystemConfiguration.framework */ = {isa = PBXFileReference; lastKnownFileType = wrapper.framework; name = SystemConfiguration.framework; path = System/Library/Frameworks/SystemConfiguration.framework; sourceTree = SDKROOT; };
		932F2EF21CC95F470050094A /* UIKit.framework */ = {isa = PBXFileReference; lastKnownFileType = wrapper.framework; name = UIKit.framework; path = System/Library/Frameworks/UIKit.framework; sourceTree = SDKROOT; };
		932F2EFE1CC95F500050094A /* libsqlite3.tbd */ = {isa = PBXFileReference; lastKnownFileType = "sourcecode.text-based-dylib-definition"; name = libsqlite3.tbd; path = usr/lib/libsqlite3.tbd; sourceTree = SDKROOT; };
		932F2F031CC962920050094A /* Reachability.h */ = {isa = PBXFileReference; fileEncoding = 4; lastKnownFileType = sourcecode.c.h; path = Reachability.h; sourceTree = "<group>"; };
		932F2F041CC962920050094A /* Reachability.m */ = {isa = PBXFileReference; fileEncoding = 4; lastKnownFileType = sourcecode.c.objc; path = Reachability.m; sourceTree = "<group>"; };
		932F2F091CC963E10050094A /* Order.h */ = {isa = PBXFileReference; fileEncoding = 4; lastKnownFileType = sourcecode.c.h; path = Order.h; sourceTree = "<group>"; };
		932F2F0A1CC963E10050094A /* Order.m */ = {isa = PBXFileReference; fileEncoding = 4; lastKnownFileType = sourcecode.c.objc; path = Order.m; sourceTree = "<group>"; };
		932F2F0C1CC96A780050094A /* plainicon.com-54418-512px-51c.png */ = {isa = PBXFileReference; lastKnownFileType = image.png; path = "plainicon.com-54418-512px-51c.png"; sourceTree = "<group>"; };
		932F2F0E1CC988460050094A /* camera.png */ = {isa = PBXFileReference; lastKnownFileType = image.png; path = camera.png; sourceTree = "<group>"; };
		932F2F0F1CC988460050094A /* photo icon.png */ = {isa = PBXFileReference; lastKnownFileType = image.png; path = "photo icon.png"; sourceTree = "<group>"; };
		932F2F121CC9A3230050094A /* up-down.png */ = {isa = PBXFileReference; lastKnownFileType = image.png; path = "up-down.png"; sourceTree = "<group>"; };
		932F2F151CC9D5E70050094A /* photos_on_aluminum.jpg */ = {isa = PBXFileReference; lastKnownFileType = image.jpeg; path = photos_on_aluminum.jpg; sourceTree = "<group>"; };
		932F2F171CC9D6730050094A /* photosonwood4web.jpg */ = {isa = PBXFileReference; lastKnownFileType = image.jpeg; path = photosonwood4web.jpg; sourceTree = "<group>"; };
		932F2F1B1CC9DDE40050094A /* shopping cart.png */ = {isa = PBXFileReference; lastKnownFileType = image.png; path = "shopping cart.png"; sourceTree = "<group>"; };
		932FCB631CF4059D00CF8869 /* TestVC.h */ = {isa = PBXFileReference; fileEncoding = 4; lastKnownFileType = sourcecode.c.h; path = TestVC.h; sourceTree = "<group>"; };
		932FCB641CF4059D00CF8869 /* TestVC.m */ = {isa = PBXFileReference; fileEncoding = 4; lastKnownFileType = sourcecode.c.objc; path = TestVC.m; sourceTree = "<group>"; };
		934906571CCDAD2B00E69EB4 /* Front_EndVC.h */ = {isa = PBXFileReference; fileEncoding = 4; lastKnownFileType = sourcecode.c.h; name = Front_EndVC.h; path = ../Front_EndVC.h; sourceTree = "<group>"; };
		934906581CCDAD2C00E69EB4 /* Front_EndVC.m */ = {isa = PBXFileReference; fileEncoding = 4; lastKnownFileType = sourcecode.c.objc; name = Front_EndVC.m; path = ../Front_EndVC.m; sourceTree = "<group>"; };
		9369C8B41D3C2F0100FCD2CC /* TabController.h */ = {isa = PBXFileReference; fileEncoding = 4; lastKnownFileType = sourcecode.c.h; path = TabController.h; sourceTree = "<group>"; };
		9369C8B51D3C2F0100FCD2CC /* TabController.m */ = {isa = PBXFileReference; fileEncoding = 4; lastKnownFileType = sourcecode.c.objc; path = TabController.m; sourceTree = "<group>"; };
		9369C8BD1D3C384900FCD2CC /* thin-363_photo_image_album-512.png */ = {isa = PBXFileReference; lastKnownFileType = image.png; path = "thin-363_photo_image_album-512.png"; sourceTree = "<group>"; };
		9369C8BF1D3C387D00FCD2CC /* grocery-cart-icon-6.png */ = {isa = PBXFileReference; lastKnownFileType = image.png; path = "grocery-cart-icon-6.png"; sourceTree = "<group>"; };
		9369C8C11D3C389900FCD2CC /* shop-icon.png */ = {isa = PBXFileReference; lastKnownFileType = image.png; path = "shop-icon.png"; sourceTree = "<group>"; };
		9369C8C31D3C943400FCD2CC /* ImageCropView.h */ = {isa = PBXFileReference; fileEncoding = 4; lastKnownFileType = sourcecode.c.h; path = ImageCropView.h; sourceTree = "<group>"; };
		9369C8C41D3C943400FCD2CC /* ImageCropView.m */ = {isa = PBXFileReference; fileEncoding = 4; lastKnownFileType = sourcecode.c.objc; path = ImageCropView.m; sourceTree = "<group>"; };
		9369C8C61D3C951B00FCD2CC /* FXBlurView.h */ = {isa = PBXFileReference; fileEncoding = 4; lastKnownFileType = sourcecode.c.h; path = FXBlurView.h; sourceTree = "<group>"; };
		9369C8C71D3C951B00FCD2CC /* FXBlurView.m */ = {isa = PBXFileReference; fileEncoding = 4; lastKnownFileType = sourcecode.c.objc; path = FXBlurView.m; sourceTree = "<group>"; };
		9369C8C91D3DC21800FCD2CC /* ImageCollectionViewCell.h */ = {isa = PBXFileReference; fileEncoding = 4; lastKnownFileType = sourcecode.c.h; path = ImageCollectionViewCell.h; sourceTree = "<group>"; };
		9369C8CA1D3DC21800FCD2CC /* ImageCollectionViewCell.m */ = {isa = PBXFileReference; fileEncoding = 4; lastKnownFileType = sourcecode.c.objc; path = ImageCollectionViewCell.m; sourceTree = "<group>"; };
		9369C8CE1D3DC6CC00FCD2CC /* photo-gallery-512.png */ = {isa = PBXFileReference; lastKnownFileType = image.png; path = "photo-gallery-512.png"; sourceTree = "<group>"; };
		9369C8D01D3F250A00FCD2CC /* MW-Icon-CheckMark.svg.png */ = {isa = PBXFileReference; lastKnownFileType = image.png; path = "MW-Icon-CheckMark.svg.png"; sourceTree = "<group>"; };
		9386601D1CDEC7B200C1F208 /* NonCopyPasteTextField.h */ = {isa = PBXFileReference; fileEncoding = 4; lastKnownFileType = sourcecode.c.h; path = NonCopyPasteTextField.h; sourceTree = "<group>"; };
		9386601E1CDEC7B200C1F208 /* NonCopyPasteTextField.m */ = {isa = PBXFileReference; fileEncoding = 4; lastKnownFileType = sourcecode.c.objc; path = NonCopyPasteTextField.m; sourceTree = "<group>"; };
		938660201CDFD7A100C1F208 /* ActualCCTVC.h */ = {isa = PBXFileReference; fileEncoding = 4; lastKnownFileType = sourcecode.c.h; path = ActualCCTVC.h; sourceTree = "<group>"; };
		938660211CDFD7A100C1F208 /* ActualCCTVC.m */ = {isa = PBXFileReference; fileEncoding = 4; lastKnownFileType = sourcecode.c.objc; path = ActualCCTVC.m; sourceTree = "<group>"; };
		9399C4851CF8CBDD00818E10 /* DetailsTVCCell.h */ = {isa = PBXFileReference; fileEncoding = 4; lastKnownFileType = sourcecode.c.h; path = DetailsTVCCell.h; sourceTree = "<group>"; };
		9399C4861CF8CBDD00818E10 /* DetailsTVCCell.m */ = {isa = PBXFileReference; fileEncoding = 4; lastKnownFileType = sourcecode.c.objc; path = DetailsTVCCell.m; sourceTree = "<group>"; };
		93B4DECC1CCF259700C6E07A /* ShoppingCartTVC.h */ = {isa = PBXFileReference; fileEncoding = 4; lastKnownFileType = sourcecode.c.h; path = ShoppingCartTVC.h; sourceTree = "<group>"; };
		93B4DECD1CCF259700C6E07A /* ShoppingCartTVC.m */ = {isa = PBXFileReference; fileEncoding = 4; lastKnownFileType = sourcecode.c.objc; path = ShoppingCartTVC.m; sourceTree = "<group>"; };
		93B4DECF1CCF25B900C6E07A /* CartTVCCell.h */ = {isa = PBXFileReference; fileEncoding = 4; lastKnownFileType = sourcecode.c.h; path = CartTVCCell.h; sourceTree = "<group>"; };
		93B4DED01CCF25B900C6E07A /* CartTVCCell.m */ = {isa = PBXFileReference; fileEncoding = 4; lastKnownFileType = sourcecode.c.objc; path = CartTVCCell.m; sourceTree = "<group>"; };
		93C8CBDB1D1EFECB00EA4C5A /* ImageCollectionViewController.h */ = {isa = PBXFileReference; fileEncoding = 4; lastKnownFileType = sourcecode.c.h; path = ImageCollectionViewController.h; sourceTree = "<group>"; };
		93C8CBDC1D1EFECB00EA4C5A /* ImageCollectionViewController.m */ = {isa = PBXFileReference; fileEncoding = 4; lastKnownFileType = sourcecode.c.objc; path = ImageCollectionViewController.m; sourceTree = "<group>"; };
		93CB294B1D4C1D0F00DD5F76 /* HighlightedImageCVC.h */ = {isa = PBXFileReference; fileEncoding = 4; lastKnownFileType = sourcecode.c.h; path = HighlightedImageCVC.h; sourceTree = "<group>"; };
		93CB294C1D4C1D0F00DD5F76 /* HighlightedImageCVC.m */ = {isa = PBXFileReference; fileEncoding = 4; lastKnownFileType = sourcecode.c.objc; path = HighlightedImageCVC.m; sourceTree = "<group>"; };
		FB35D0E91D5AE03100BCD6C6 /* ProductCategorySelectionCollection.h */ = {isa = PBXFileReference; fileEncoding = 4; lastKnownFileType = sourcecode.c.h; path = ProductCategorySelectionCollection.h; sourceTree = "<group>"; };
		FB35D0EA1D5AE03100BCD6C6 /* ProductCategorySelectionCollection.m */ = {isa = PBXFileReference; fileEncoding = 4; lastKnownFileType = sourcecode.c.objc; path = ProductCategorySelectionCollection.m; sourceTree = "<group>"; };
		FB35D0EC1D5AE3C000BCD6C6 /* ProductCategoryCell.h */ = {isa = PBXFileReference; fileEncoding = 4; lastKnownFileType = sourcecode.c.h; path = ProductCategoryCell.h; sourceTree = "<group>"; };
		FB35D0ED1D5AE3C000BCD6C6 /* ProductCategoryCell.m */ = {isa = PBXFileReference; fileEncoding = 4; lastKnownFileType = sourcecode.c.objc; path = ProductCategoryCell.m; sourceTree = "<group>"; };
		FB35D0EF1D5BB63100BCD6C6 /* ProductCollectionViewController.h */ = {isa = PBXFileReference; fileEncoding = 4; lastKnownFileType = sourcecode.c.h; path = ProductCollectionViewController.h; sourceTree = "<group>"; };
		FB35D0F01D5BB63100BCD6C6 /* ProductCollectionViewController.m */ = {isa = PBXFileReference; fileEncoding = 4; lastKnownFileType = sourcecode.c.objc; path = ProductCollectionViewController.m; sourceTree = "<group>"; };
		FB35D0F21D5BB64200BCD6C6 /* ProductCollectionViewCell.h */ = {isa = PBXFileReference; fileEncoding = 4; lastKnownFileType = sourcecode.c.h; path = ProductCollectionViewCell.h; sourceTree = "<group>"; };
		FB35D0F31D5BB64200BCD6C6 /* ProductCollectionViewCell.m */ = {isa = PBXFileReference; fileEncoding = 4; lastKnownFileType = sourcecode.c.objc; path = ProductCollectionViewCell.m; sourceTree = "<group>"; };
		FB4FE78C1D80EF80004C72E0 /* Main_4_inch.storyboard */ = {isa = PBXFileReference; fileEncoding = 4; lastKnownFileType = file.storyboard; path = Main_4_inch.storyboard; sourceTree = "<group>"; };
		FB4FE78F1D80EF93004C72E0 /* Base */ = {isa = PBXFileReference; lastKnownFileType = file.storyboard; name = Base; path = Base.lproj/Main_3.5_inch.storyboard; sourceTree = "<group>"; };
		FB5047F11D5D642E00B2E223 /* aluminum-tin-cans.jpg */ = {isa = PBXFileReference; lastKnownFileType = image.jpeg; path = "aluminum-tin-cans.jpg"; sourceTree = "<group>"; };
		FB5047F31D5D649C00B2E223 /* wildtextures-old-wood-original-file.jpg */ = {isa = PBXFileReference; lastKnownFileType = image.jpeg; path = "wildtextures-old-wood-original-file.jpg"; sourceTree = "<group>"; };
		FB5047F51D5D64D100B2E223 /* broadway-coffee-mug.jpg */ = {isa = PBXFileReference; lastKnownFileType = image.jpeg; path = "broadway-coffee-mug.jpg"; sourceTree = "<group>"; };
		FB5047F71D5D64EB00B2E223 /* d4e7cb05ecf41db9a0b4cafccae2c4a0.jpg */ = {isa = PBXFileReference; lastKnownFileType = image.jpeg; path = d4e7cb05ecf41db9a0b4cafccae2c4a0.jpg; sourceTree = "<group>"; };
		FB5047F91D5E94B500B2E223 /* ShippingInfoVC.h */ = {isa = PBXFileReference; fileEncoding = 4; lastKnownFileType = sourcecode.c.h; path = ShippingInfoVC.h; sourceTree = "<group>"; };
		FB5047FA1D5E94B500B2E223 /* ShippingInfoVC.m */ = {isa = PBXFileReference; fileEncoding = 4; lastKnownFileType = sourcecode.c.objc; path = ShippingInfoVC.m; sourceTree = "<group>"; };
		FBA8233F1D79A5300028D3A1 /* LoveStoryProjectLogo.jpg */ = {isa = PBXFileReference; lastKnownFileType = image.jpeg; path = LoveStoryProjectLogo.jpg; sourceTree = "<group>"; };
		FBA823411D7A850E0028D3A1 /* Stripe.framework */ = {isa = PBXFileReference; lastKnownFileType = wrapper.framework; path = Stripe.framework; sourceTree = "<group>"; };
		FBA823431D7A85200028D3A1 /* Stripe.bundle */ = {isa = PBXFileReference; lastKnownFileType = "wrapper.plug-in"; path = Stripe.bundle; sourceTree = "<group>"; };
		FBA823451D7A87430028D3A1 /* StripeViewController.h */ = {isa = PBXFileReference; fileEncoding = 4; lastKnownFileType = sourcecode.c.h; path = StripeViewController.h; sourceTree = "<group>"; };
		FBA823461D7A87430028D3A1 /* StripeViewController.m */ = {isa = PBXFileReference; fileEncoding = 4; lastKnownFileType = sourcecode.c.objc; path = StripeViewController.m; sourceTree = "<group>"; };
		FBA823861D7BC6B70028D3A1 /* 2x3 aluminum.png */ = {isa = PBXFileReference; lastKnownFileType = image.png; name = "2x3 aluminum.png"; path = "../../products/aluminum/2x3 aluminum.png"; sourceTree = "<group>"; };
		FBA823871D7BC6B70028D3A1 /* 4x4 aluminum.png */ = {isa = PBXFileReference; lastKnownFileType = image.png; name = "4x4 aluminum.png"; path = "../../products/aluminum/4x4 aluminum.png"; sourceTree = "<group>"; };
		FBA823881D7BC6B70028D3A1 /* 4x6 aluminum.png */ = {isa = PBXFileReference; lastKnownFileType = image.png; name = "4x6 aluminum.png"; path = "../../products/aluminum/4x6 aluminum.png"; sourceTree = "<group>"; };
		FBA823891D7BC6B70028D3A1 /* 5x5  aluminum.png */ = {isa = PBXFileReference; lastKnownFileType = image.png; name = "5x5  aluminum.png"; path = "../../products/aluminum/5x5  aluminum.png"; sourceTree = "<group>"; };
		FBA8238A1D7BC6B70028D3A1 /* 5x7 aluminum.png */ = {isa = PBXFileReference; lastKnownFileType = image.png; name = "5x7 aluminum.png"; path = "../../products/aluminum/5x7 aluminum.png"; sourceTree = "<group>"; };
		FBA8238B1D7BC6B70028D3A1 /* 5x10 aluminum.png */ = {isa = PBXFileReference; lastKnownFileType = image.png; name = "5x10 aluminum.png"; path = "../../products/aluminum/5x10 aluminum.png"; sourceTree = "<group>"; };
		FBA8238C1D7BC6B70028D3A1 /* 5x11 aluminum.png */ = {isa = PBXFileReference; lastKnownFileType = image.png; name = "5x11 aluminum.png"; path = "../../products/aluminum/5x11 aluminum.png"; sourceTree = "<group>"; };
		FBA8238D1D7BC6B70028D3A1 /* 5x17 aluminum.png */ = {isa = PBXFileReference; lastKnownFileType = image.png; name = "5x17 aluminum.png"; path = "../../products/aluminum/5x17 aluminum.png"; sourceTree = "<group>"; };
		FBA8238E1D7BC6B70028D3A1 /* 8x8 aluminum.png */ = {isa = PBXFileReference; lastKnownFileType = image.png; name = "8x8 aluminum.png"; path = "../../products/aluminum/8x8 aluminum.png"; sourceTree = "<group>"; };
		FBA8238F1D7BC6B70028D3A1 /* 8x10 aluminum.png */ = {isa = PBXFileReference; lastKnownFileType = image.png; name = "8x10 aluminum.png"; path = "../../products/aluminum/8x10 aluminum.png"; sourceTree = "<group>"; };
		FBA823901D7BC6B70028D3A1 /* 8x12 aluminum.png */ = {isa = PBXFileReference; lastKnownFileType = image.png; name = "8x12 aluminum.png"; path = "../../products/aluminum/8x12 aluminum.png"; sourceTree = "<group>"; };
		FBA823911D7BC6B70028D3A1 /* 10x10 aluminum.png */ = {isa = PBXFileReference; lastKnownFileType = image.png; name = "10x10 aluminum.png"; path = "../../products/aluminum/10x10 aluminum.png"; sourceTree = "<group>"; };
		FBA823921D7BC6B70028D3A1 /* 11x14 aluminum.png */ = {isa = PBXFileReference; lastKnownFileType = image.png; name = "11x14 aluminum.png"; path = "../../products/aluminum/11x14 aluminum.png"; sourceTree = "<group>"; };
		FBA823931D7BC6B70028D3A1 /* 11x17 aluminum.png */ = {isa = PBXFileReference; lastKnownFileType = image.png; name = "11x17 aluminum.png"; path = "../../products/aluminum/11x17 aluminum.png"; sourceTree = "<group>"; };
		FBA823941D7BC6B70028D3A1 /* 12x12 aluminum.png */ = {isa = PBXFileReference; lastKnownFileType = image.png; name = "12x12 aluminum.png"; path = "../../products/aluminum/12x12 aluminum.png"; sourceTree = "<group>"; };
		FBA823951D7BC6B70028D3A1 /* 12x18 aluminum.png */ = {isa = PBXFileReference; lastKnownFileType = image.png; name = "12x18 aluminum.png"; path = "../../products/aluminum/12x18 aluminum.png"; sourceTree = "<group>"; };
		FBA823A61D7BC6BE0028D3A1 /* 6x6 slate.png */ = {isa = PBXFileReference; lastKnownFileType = image.png; name = "6x6 slate.png"; path = "../../products/slate/6x6 slate.png"; sourceTree = "<group>"; };
		FBA823A71D7BC6BE0028D3A1 /* 6x8 slate.png */ = {isa = PBXFileReference; lastKnownFileType = image.png; name = "6x8 slate.png"; path = "../../products/slate/6x8 slate.png"; sourceTree = "<group>"; };
		FBA823A81D7BC6BE0028D3A1 /* 8x12 slate.png */ = {isa = PBXFileReference; lastKnownFileType = image.png; name = "8x12 slate.png"; path = "../../products/slate/8x12 slate.png"; sourceTree = "<group>"; };
		FBA823AC1D7BC6C30028D3A1 /* 4x4 tile.png */ = {isa = PBXFileReference; lastKnownFileType = image.png; name = "4x4 tile.png"; path = "../../products/tile/4x4 tile.png"; sourceTree = "<group>"; };
		FBA823AD1D7BC6C30028D3A1 /* 6x6 tile.png */ = {isa = PBXFileReference; lastKnownFileType = image.png; name = "6x6 tile.png"; path = "../../products/tile/6x6 tile.png"; sourceTree = "<group>"; };
		FBA823AE1D7BC6C30028D3A1 /* 6x8 tile.png */ = {isa = PBXFileReference; lastKnownFileType = image.png; name = "6x8 tile.png"; path = "../../products/tile/6x8 tile.png"; sourceTree = "<group>"; };
		FBA823AF1D7BC6C30028D3A1 /* 8x10 tile.png */ = {isa = PBXFileReference; lastKnownFileType = image.png; name = "8x10 tile.png"; path = "../../products/tile/8x10 tile.png"; sourceTree = "<group>"; };
		FBA823B41D7BC6CA0028D3A1 /* 8x8 wood.png */ = {isa = PBXFileReference; lastKnownFileType = image.png; name = "8x8 wood.png"; path = "../../products/wood/8x8 wood.png"; sourceTree = "<group>"; };
		FBA823B51D7BC6CA0028D3A1 /* 8x10 wood.png */ = {isa = PBXFileReference; lastKnownFileType = image.png; name = "8x10 wood.png"; path = "../../products/wood/8x10 wood.png"; sourceTree = "<group>"; };
		FBA823B61D7BC6CA0028D3A1 /* 10x10 wood.png */ = {isa = PBXFileReference; lastKnownFileType = image.png; name = "10x10 wood.png"; path = "../../products/wood/10x10 wood.png"; sourceTree = "<group>"; };
		FBA823B71D7BC6CA0028D3A1 /* 11x14 wood.png */ = {isa = PBXFileReference; lastKnownFileType = image.png; name = "11x14 wood.png"; path = "../../products/wood/11x14 wood.png"; sourceTree = "<group>"; };
		FBA823BC1D7CB1140028D3A1 /* RTSerializer.h */ = {isa = PBXFileReference; fileEncoding = 4; lastKnownFileType = sourcecode.c.h; path = RTSerializer.h; sourceTree = "<group>"; };
		FBA823BD1D7CB1140028D3A1 /* RTSerializer.m */ = {isa = PBXFileReference; fileEncoding = 4; lastKnownFileType = sourcecode.c.objc; path = RTSerializer.m; sourceTree = "<group>"; };
		FBA823BF1D7CB11F0028D3A1 /* Sendpulse.h */ = {isa = PBXFileReference; fileEncoding = 4; lastKnownFileType = sourcecode.c.h; path = Sendpulse.h; sourceTree = "<group>"; };
		FBA823C01D7CB11F0028D3A1 /* Sendpulse.m */ = {isa = PBXFileReference; fileEncoding = 4; lastKnownFileType = sourcecode.c.objc; path = Sendpulse.m; sourceTree = "<group>"; };
		FBA823C21D7CB1280028D3A1 /* SBJson.h */ = {isa = PBXFileReference; fileEncoding = 4; lastKnownFileType = sourcecode.c.h; path = SBJson.h; sourceTree = "<group>"; };
		FBA823C31D7CB1280028D3A1 /* SBJsonParser.h */ = {isa = PBXFileReference; fileEncoding = 4; lastKnownFileType = sourcecode.c.h; path = SBJsonParser.h; sourceTree = "<group>"; };
		FBA823C41D7CB1280028D3A1 /* SBJsonParser.m */ = {isa = PBXFileReference; fileEncoding = 4; lastKnownFileType = sourcecode.c.objc; path = SBJsonParser.m; sourceTree = "<group>"; };
		FBA823C51D7CB1280028D3A1 /* SBJsonStreamParser.h */ = {isa = PBXFileReference; fileEncoding = 4; lastKnownFileType = sourcecode.c.h; path = SBJsonStreamParser.h; sourceTree = "<group>"; };
		FBA823C61D7CB1280028D3A1 /* SBJsonStreamParser.m */ = {isa = PBXFileReference; fileEncoding = 4; lastKnownFileType = sourcecode.c.objc; path = SBJsonStreamParser.m; sourceTree = "<group>"; };
		FBA823C71D7CB1280028D3A1 /* SBJsonStreamParserAccumulator.h */ = {isa = PBXFileReference; fileEncoding = 4; lastKnownFileType = sourcecode.c.h; path = SBJsonStreamParserAccumulator.h; sourceTree = "<group>"; };
		FBA823C81D7CB1280028D3A1 /* SBJsonStreamParserAccumulator.m */ = {isa = PBXFileReference; fileEncoding = 4; lastKnownFileType = sourcecode.c.objc; path = SBJsonStreamParserAccumulator.m; sourceTree = "<group>"; };
		FBA823C91D7CB1280028D3A1 /* SBJsonStreamParserAdapter.h */ = {isa = PBXFileReference; fileEncoding = 4; lastKnownFileType = sourcecode.c.h; path = SBJsonStreamParserAdapter.h; sourceTree = "<group>"; };
		FBA823CA1D7CB1280028D3A1 /* SBJsonStreamParserAdapter.m */ = {isa = PBXFileReference; fileEncoding = 4; lastKnownFileType = sourcecode.c.objc; path = SBJsonStreamParserAdapter.m; sourceTree = "<group>"; };
		FBA823CB1D7CB1280028D3A1 /* SBJsonStreamParserState.h */ = {isa = PBXFileReference; fileEncoding = 4; lastKnownFileType = sourcecode.c.h; path = SBJsonStreamParserState.h; sourceTree = "<group>"; };
		FBA823CC1D7CB1280028D3A1 /* SBJsonStreamParserState.m */ = {isa = PBXFileReference; fileEncoding = 4; lastKnownFileType = sourcecode.c.objc; path = SBJsonStreamParserState.m; sourceTree = "<group>"; };
		FBA823CD1D7CB1280028D3A1 /* SBJsonStreamTokeniser.h */ = {isa = PBXFileReference; fileEncoding = 4; lastKnownFileType = sourcecode.c.h; path = SBJsonStreamTokeniser.h; sourceTree = "<group>"; };
		FBA823CE1D7CB1280028D3A1 /* SBJsonStreamTokeniser.m */ = {isa = PBXFileReference; fileEncoding = 4; lastKnownFileType = sourcecode.c.objc; path = SBJsonStreamTokeniser.m; sourceTree = "<group>"; };
		FBA823CF1D7CB1280028D3A1 /* SBJsonStreamWriter.h */ = {isa = PBXFileReference; fileEncoding = 4; lastKnownFileType = sourcecode.c.h; path = SBJsonStreamWriter.h; sourceTree = "<group>"; };
		FBA823D01D7CB1280028D3A1 /* SBJsonStreamWriter.m */ = {isa = PBXFileReference; fileEncoding = 4; lastKnownFileType = sourcecode.c.objc; path = SBJsonStreamWriter.m; sourceTree = "<group>"; };
		FBA823D11D7CB1280028D3A1 /* SBJsonStreamWriterAccumulator.h */ = {isa = PBXFileReference; fileEncoding = 4; lastKnownFileType = sourcecode.c.h; path = SBJsonStreamWriterAccumulator.h; sourceTree = "<group>"; };
		FBA823D21D7CB1280028D3A1 /* SBJsonStreamWriterAccumulator.m */ = {isa = PBXFileReference; fileEncoding = 4; lastKnownFileType = sourcecode.c.objc; path = SBJsonStreamWriterAccumulator.m; sourceTree = "<group>"; };
		FBA823D31D7CB1280028D3A1 /* SBJsonStreamWriterState.h */ = {isa = PBXFileReference; fileEncoding = 4; lastKnownFileType = sourcecode.c.h; path = SBJsonStreamWriterState.h; sourceTree = "<group>"; };
		FBA823D41D7CB1280028D3A1 /* SBJsonStreamWriterState.m */ = {isa = PBXFileReference; fileEncoding = 4; lastKnownFileType = sourcecode.c.objc; path = SBJsonStreamWriterState.m; sourceTree = "<group>"; };
		FBA823D51D7CB1280028D3A1 /* SBJsonWriter.h */ = {isa = PBXFileReference; fileEncoding = 4; lastKnownFileType = sourcecode.c.h; path = SBJsonWriter.h; sourceTree = "<group>"; };
		FBA823D61D7CB1280028D3A1 /* SBJsonWriter.m */ = {isa = PBXFileReference; fileEncoding = 4; lastKnownFileType = sourcecode.c.objc; path = SBJsonWriter.m; sourceTree = "<group>"; };
		FBBF087D1D6A1A3900BF5332 /* rounded-512.png */ = {isa = PBXFileReference; lastKnownFileType = image.png; path = "rounded-512.png"; sourceTree = "<group>"; };
		FBE5C83E1D74756C00B78EC6 /* Screen Shot 2016-08-29 at 6.50.44 AM.png */ = {isa = PBXFileReference; lastKnownFileType = image.png; path = "Screen Shot 2016-08-29 at 6.50.44 AM.png"; sourceTree = "<group>"; };
		FBE5C8401D74775A00B78EC6 /* secure-payment.png */ = {isa = PBXFileReference; lastKnownFileType = image.png; path = "secure-payment.png"; sourceTree = "<group>"; };
		FBE8DDE81D79157400693765 /* LaunchController.h */ = {isa = PBXFileReference; fileEncoding = 4; lastKnownFileType = sourcecode.c.h; path = LaunchController.h; sourceTree = "<group>"; };
		FBE8DDE91D79157400693765 /* LaunchController.m */ = {isa = PBXFileReference; fileEncoding = 4; lastKnownFileType = sourcecode.c.objc; path = LaunchController.m; sourceTree = "<group>"; };
		FBF301BF1D6A445B0076C070 /* UserObject.h */ = {isa = PBXFileReference; fileEncoding = 4; lastKnownFileType = sourcecode.c.h; path = UserObject.h; sourceTree = "<group>"; };
		FBF301C01D6A445B0076C070 /* UserObject.m */ = {isa = PBXFileReference; fileEncoding = 4; lastKnownFileType = sourcecode.c.objc; path = UserObject.m; sourceTree = "<group>"; };
		FBF301C21D6A449B0076C070 /* UserShipping.h */ = {isa = PBXFileReference; fileEncoding = 4; lastKnownFileType = sourcecode.c.h; path = UserShipping.h; sourceTree = "<group>"; };
		FBF301C31D6A449B0076C070 /* UserShipping.m */ = {isa = PBXFileReference; fileEncoding = 4; lastKnownFileType = sourcecode.c.objc; path = UserShipping.m; sourceTree = "<group>"; };
		FBF301C51D6A44A60076C070 /* UserBilling.h */ = {isa = PBXFileReference; fileEncoding = 4; lastKnownFileType = sourcecode.c.h; path = UserBilling.h; sourceTree = "<group>"; };
		FBF301C61D6A44A60076C070 /* UserBilling.m */ = {isa = PBXFileReference; fileEncoding = 4; lastKnownFileType = sourcecode.c.objc; path = UserBilling.m; sourceTree = "<group>"; };
		FBF301C81D6A45980076C070 /* UserPayment.h */ = {isa = PBXFileReference; fileEncoding = 4; lastKnownFileType = sourcecode.c.h; path = UserPayment.h; sourceTree = "<group>"; };
		FBF301C91D6A45980076C070 /* UserPayment.m */ = {isa = PBXFileReference; fileEncoding = 4; lastKnownFileType = sourcecode.c.objc; path = UserPayment.m; sourceTree = "<group>"; };
		FBF301CC1D6B2F460076C070 /* BillingVC.h */ = {isa = PBXFileReference; fileEncoding = 4; lastKnownFileType = sourcecode.c.h; path = BillingVC.h; sourceTree = "<group>"; };
		FBF301CD1D6B2F460076C070 /* BillingVC.m */ = {isa = PBXFileReference; fileEncoding = 4; lastKnownFileType = sourcecode.c.objc; path = BillingVC.m; sourceTree = "<group>"; };
		FBF301D11D6B2FCE0076C070 /* PaymentVC.h */ = {isa = PBXFileReference; fileEncoding = 4; lastKnownFileType = sourcecode.c.h; path = PaymentVC.h; sourceTree = "<group>"; };
		FBF301D21D6B2FCE0076C070 /* PaymentVC.m */ = {isa = PBXFileReference; fileEncoding = 4; lastKnownFileType = sourcecode.c.objc; path = PaymentVC.m; sourceTree = "<group>"; };
/* End PBXFileReference section */

/* Begin PBXFrameworksBuildPhase section */
		932F2E8F1CC88BCD0050094A /* Frameworks */ = {
			isa = PBXFrameworksBuildPhase;
			buildActionMask = 2147483647;
			files = (
				932F2EFF1CC95F500050094A /* libsqlite3.tbd in Frameworks */,
				932F2EF31CC95F470050094A /* Accounts.framework in Frameworks */,
				932F2EF41CC95F470050094A /* CoreGraphics.framework in Frameworks */,
				FBA823421D7A850E0028D3A1 /* Stripe.framework in Frameworks */,
				932F2EF51CC95F470050094A /* CoreMedia.framework in Frameworks */,
				932F2EF61CC95F470050094A /* CoreTelephony.framework in Frameworks */,
				932F2EF71CC95F470050094A /* EventKit.framework in Frameworks */,
				932F2EF81CC95F470050094A /* EventKitUI.framework in Frameworks */,
				932F2EF91CC95F470050094A /* MessageUI.framework in Frameworks */,
				932F2EFA1CC95F470050094A /* Security.framework in Frameworks */,
				932F2EFB1CC95F470050094A /* Social.framework in Frameworks */,
				932F2EFC1CC95F470050094A /* SystemConfiguration.framework in Frameworks */,
				932F2EFD1CC95F470050094A /* UIKit.framework in Frameworks */,
				932F2EE31CC95EDF0050094A /* KinveyKit.framework in Frameworks */,
			);
			runOnlyForDeploymentPostprocessing = 0;
		};
		932F2EA81CC88BD10050094A /* Frameworks */ = {
			isa = PBXFrameworksBuildPhase;
			buildActionMask = 2147483647;
			files = (
			);
			runOnlyForDeploymentPostprocessing = 0;
		};
		932F2EB31CC88BD10050094A /* Frameworks */ = {
			isa = PBXFrameworksBuildPhase;
			buildActionMask = 2147483647;
			files = (
			);
			runOnlyForDeploymentPostprocessing = 0;
		};
/* End PBXFrameworksBuildPhase section */

/* Begin PBXGroup section */
		932F2E891CC88BCD0050094A = {
			isa = PBXGroup;
			children = (
				932F2F021CC962480050094A /* Frameworks */,
				932F2E941CC88BD10050094A /* Metal Prints */,
				932F2EAE1CC88BD10050094A /* Metal PrintsTests */,
				932F2EB91CC88BD10050094A /* Metal PrintsUITests */,
				932F2E931CC88BCD0050094A /* Products */,
			);
			sourceTree = "<group>";
		};
		932F2E931CC88BCD0050094A /* Products */ = {
			isa = PBXGroup;
			children = (
				932F2E921CC88BCD0050094A /* Metal Prints.app */,
				932F2EAB1CC88BD10050094A /* Metal PrintsTests.xctest */,
				932F2EB61CC88BD10050094A /* Metal PrintsUITests.xctest */,
			);
			name = Products;
			sourceTree = "<group>";
		};
		932F2E941CC88BD10050094A /* Metal Prints */ = {
			isa = PBXGroup;
			children = (
				932F2EA31CC88BD10050094A /* LaunchScreen.storyboard */,
				932F2E9E1CC88BD10050094A /* Main.storyboard */,
				FB4FE78E1D80EF93004C72E0 /* Main_3.5_inch.storyboard */,
				FB4FE78C1D80EF80004C72E0 /* Main_4_inch.storyboard */,
				FBF301CB1D6ABBD90076C070 /* User */,
				FBE8DDE81D79157400693765 /* LaunchController.h */,
				FBE8DDE91D79157400693765 /* LaunchController.m */,
				932F2E981CC88BD10050094A /* AppDelegate.h */,
				932F2E991CC88BD10050094A /* AppDelegate.m */,
				9369C8B41D3C2F0100FCD2CC /* TabController.h */,
				9369C8B51D3C2F0100FCD2CC /* TabController.m */,
				934906571CCDAD2B00E69EB4 /* Front_EndVC.h */,
				934906581CCDAD2C00E69EB4 /* Front_EndVC.m */,
				FB35D0E91D5AE03100BCD6C6 /* ProductCategorySelectionCollection.h */,
				FB35D0EA1D5AE03100BCD6C6 /* ProductCategorySelectionCollection.m */,
				FB35D0EC1D5AE3C000BCD6C6 /* ProductCategoryCell.h */,
				FB35D0ED1D5AE3C000BCD6C6 /* ProductCategoryCell.m */,
				FB35D0EF1D5BB63100BCD6C6 /* ProductCollectionViewController.h */,
				FB35D0F01D5BB63100BCD6C6 /* ProductCollectionViewController.m */,
				FB35D0F21D5BB64200BCD6C6 /* ProductCollectionViewCell.h */,
				FB35D0F31D5BB64200BCD6C6 /* ProductCollectionViewCell.m */,
				932F2EDC1CC8981D0050094A /* ProductsTVC.h */,
				932F2EDD1CC8981D0050094A /* ProductsTVC.m */,
				932F2ED01CC894C70050094A /* DetailsTVC.h */,
				932F2ED11CC894C70050094A /* DetailsTVC.m */,
				93C8CBDB1D1EFECB00EA4C5A /* ImageCollectionViewController.h */,
				93C8CBDC1D1EFECB00EA4C5A /* ImageCollectionViewController.m */,
				93CB294B1D4C1D0F00DD5F76 /* HighlightedImageCVC.h */,
				93CB294C1D4C1D0F00DD5F76 /* HighlightedImageCVC.m */,
				9369C8C91D3DC21800FCD2CC /* ImageCollectionViewCell.h */,
				9369C8CA1D3DC21800FCD2CC /* ImageCollectionViewCell.m */,
				93B4DECC1CCF259700C6E07A /* ShoppingCartTVC.h */,
				93B4DECD1CCF259700C6E07A /* ShoppingCartTVC.m */,
				FBF301D01D6B2F730076C070 /* Order VCs */,
				FBF301CF1D6B2F580076C070 /* Order TableViews */,
				932F2ED91CC898100050094A /* OrderPlacedVC.h */,
				932F2EDA1CC898100050094A /* OrderPlacedVC.m */,
				930CA6951D1CBE29003C6864 /* UserAccountTVC.h */,
				930CA6961D1CBE29003C6864 /* UserAccountTVC.m */,
				932F2E9B1CC88BD10050094A /* ViewController.h */,
				932F2E9C1CC88BD10050094A /* ViewController.m */,
				932F2EC81CC88C860050094A /* OrderTVC.h */,
				932F2EC91CC88C860050094A /* OrderTVC.m */,
				9399C4841CF8CAA400818E10 /* Cells */,
				932F2F031CC962920050094A /* Reachability.h */,
				932F2F041CC962920050094A /* Reachability.m */,
				9386601D1CDEC7B200C1F208 /* NonCopyPasteTextField.h */,
				9386601E1CDEC7B200C1F208 /* NonCopyPasteTextField.m */,
				932F2F091CC963E10050094A /* Order.h */,
				932F2F0A1CC963E10050094A /* Order.m */,
				932FCB631CF4059D00CF8869 /* TestVC.h */,
				932FCB641CF4059D00CF8869 /* TestVC.m */,
				932F2E951CC88BD10050094A /* Supporting Files */,
			);
			path = "Metal Prints";
			sourceTree = "<group>";
		};
		932F2E951CC88BD10050094A /* Supporting Files */ = {
			isa = PBXGroup;
			children = (
				FBA8237F1D7BC5CA0028D3A1 /* slate */,
				FBA823761D7BC5B60028D3A1 /* tile */,
				FBA8236D1D7BC5A50028D3A1 /* wood */,
				FBA8234C1D7BC58F0028D3A1 /* aluminum */,
				FBA8233F1D79A5300028D3A1 /* LoveStoryProjectLogo.jpg */,
				FBE5C8401D74775A00B78EC6 /* secure-payment.png */,
				FBE5C83E1D74756C00B78EC6 /* Screen Shot 2016-08-29 at 6.50.44 AM.png */,
				FBBF087D1D6A1A3900BF5332 /* rounded-512.png */,
				FB5047F71D5D64EB00B2E223 /* d4e7cb05ecf41db9a0b4cafccae2c4a0.jpg */,
				FB5047F51D5D64D100B2E223 /* broadway-coffee-mug.jpg */,
				FB5047F31D5D649C00B2E223 /* wildtextures-old-wood-original-file.jpg */,
				FB5047F11D5D642E00B2E223 /* aluminum-tin-cans.jpg */,
				9369C8D01D3F250A00FCD2CC /* MW-Icon-CheckMark.svg.png */,
				9369C8CE1D3DC6CC00FCD2CC /* photo-gallery-512.png */,
				9369C8C61D3C951B00FCD2CC /* FXBlurView.h */,
				9369C8C71D3C951B00FCD2CC /* FXBlurView.m */,
				9369C8C31D3C943400FCD2CC /* ImageCropView.h */,
				9369C8C41D3C943400FCD2CC /* ImageCropView.m */,
				9369C8C11D3C389900FCD2CC /* shop-icon.png */,
				9369C8BF1D3C387D00FCD2CC /* grocery-cart-icon-6.png */,
				9369C8BD1D3C384900FCD2CC /* thin-363_photo_image_album-512.png */,
				932F2EA11CC88BD10050094A /* Assets.xcassets */,
				932F2EA61CC88BD10050094A /* Info.plist */,
				932F2F141CC9A6980050094A /* Images */,
				932F2E961CC88BD10050094A /* main.m */,
			);
			name = "Supporting Files";
			sourceTree = "<group>";
		};
		932F2EAE1CC88BD10050094A /* Metal PrintsTests */ = {
			isa = PBXGroup;
			children = (
				932F2EAF1CC88BD10050094A /* Metal_PrintsTests.m */,
				932F2EB11CC88BD10050094A /* Info.plist */,
			);
			path = "Metal PrintsTests";
			sourceTree = "<group>";
		};
		932F2EB91CC88BD10050094A /* Metal PrintsUITests */ = {
			isa = PBXGroup;
			children = (
				932F2EBA1CC88BD10050094A /* Metal_PrintsUITests.m */,
				932F2EBC1CC88BD10050094A /* Info.plist */,
			);
			path = "Metal PrintsUITests";
			sourceTree = "<group>";
		};
		932F2F021CC962480050094A /* Frameworks */ = {
			isa = PBXGroup;
			children = (
				FBA823E11D7CB1340028D3A1 /* Sendpulse */,
				FBA823431D7A85200028D3A1 /* Stripe.bundle */,
				FBA823411D7A850E0028D3A1 /* Stripe.framework */,
				932F2EFE1CC95F500050094A /* libsqlite3.tbd */,
				932F2EE81CC95F470050094A /* Accounts.framework */,
				932F2EE91CC95F470050094A /* CoreGraphics.framework */,
				932F2EEA1CC95F470050094A /* CoreMedia.framework */,
				932F2EEB1CC95F470050094A /* CoreTelephony.framework */,
				932F2EEC1CC95F470050094A /* EventKit.framework */,
				932F2EED1CC95F470050094A /* EventKitUI.framework */,
				932F2EEE1CC95F470050094A /* MessageUI.framework */,
				932F2EEF1CC95F470050094A /* Security.framework */,
				932F2EF01CC95F470050094A /* Social.framework */,
				932F2EF11CC95F470050094A /* SystemConfiguration.framework */,
				932F2EF21CC95F470050094A /* UIKit.framework */,
				932F2EE21CC95EDF0050094A /* KinveyKit.framework */,
			);
			name = Frameworks;
			sourceTree = "<group>";
		};
		932F2F141CC9A6980050094A /* Images */ = {
			isa = PBXGroup;
			children = (
				932F2F151CC9D5E70050094A /* photos_on_aluminum.jpg */,
				932F2F171CC9D6730050094A /* photosonwood4web.jpg */,
				932F2F1B1CC9DDE40050094A /* shopping cart.png */,
				932F2F0C1CC96A780050094A /* plainicon.com-54418-512px-51c.png */,
				932F2ECE1CC8946E0050094A /* camera icon.png */,
				932F2F0E1CC988460050094A /* camera.png */,
				932F2F0F1CC988460050094A /* photo icon.png */,
				932F2F121CC9A3230050094A /* up-down.png */,
			);
			name = Images;
			sourceTree = "<group>";
		};
		9399C4841CF8CAA400818E10 /* Cells */ = {
			isa = PBXGroup;
			children = (
				9399C4851CF8CBDD00818E10 /* DetailsTVCCell.h */,
				9399C4861CF8CBDD00818E10 /* DetailsTVCCell.m */,
				93B4DECF1CCF25B900C6E07A /* CartTVCCell.h */,
				93B4DED01CCF25B900C6E07A /* CartTVCCell.m */,
				932F2EDF1CC89B4F0050094A /* ProductTVCCell.h */,
				932F2EE01CC89B4F0050094A /* ProductTVCCell.m */,
			);
			name = Cells;
			sourceTree = "<group>";
		};
		FBA8234C1D7BC58F0028D3A1 /* aluminum */ = {
			isa = PBXGroup;
			children = (
				FBA823861D7BC6B70028D3A1 /* 2x3 aluminum.png */,
				FBA823871D7BC6B70028D3A1 /* 4x4 aluminum.png */,
				FBA823881D7BC6B70028D3A1 /* 4x6 aluminum.png */,
				FBA823891D7BC6B70028D3A1 /* 5x5  aluminum.png */,
				FBA8238A1D7BC6B70028D3A1 /* 5x7 aluminum.png */,
				FBA8238B1D7BC6B70028D3A1 /* 5x10 aluminum.png */,
				FBA8238C1D7BC6B70028D3A1 /* 5x11 aluminum.png */,
				FBA8238D1D7BC6B70028D3A1 /* 5x17 aluminum.png */,
				FBA8238E1D7BC6B70028D3A1 /* 8x8 aluminum.png */,
				FBA8238F1D7BC6B70028D3A1 /* 8x10 aluminum.png */,
				FBA823901D7BC6B70028D3A1 /* 8x12 aluminum.png */,
				FBA823911D7BC6B70028D3A1 /* 10x10 aluminum.png */,
				FBA823921D7BC6B70028D3A1 /* 11x14 aluminum.png */,
				FBA823931D7BC6B70028D3A1 /* 11x17 aluminum.png */,
				FBA823941D7BC6B70028D3A1 /* 12x12 aluminum.png */,
				FBA823951D7BC6B70028D3A1 /* 12x18 aluminum.png */,
			);
			name = aluminum;
			sourceTree = "<group>";
		};
		FBA8236D1D7BC5A50028D3A1 /* wood */ = {
			isa = PBXGroup;
			children = (
				FBA823B41D7BC6CA0028D3A1 /* 8x8 wood.png */,
				FBA823B51D7BC6CA0028D3A1 /* 8x10 wood.png */,
				FBA823B61D7BC6CA0028D3A1 /* 10x10 wood.png */,
				FBA823B71D7BC6CA0028D3A1 /* 11x14 wood.png */,
			);
			name = wood;
			sourceTree = "<group>";
		};
		FBA823761D7BC5B60028D3A1 /* tile */ = {
			isa = PBXGroup;
			children = (
				FBA823AC1D7BC6C30028D3A1 /* 4x4 tile.png */,
				FBA823AD1D7BC6C30028D3A1 /* 6x6 tile.png */,
				FBA823AE1D7BC6C30028D3A1 /* 6x8 tile.png */,
				FBA823AF1D7BC6C30028D3A1 /* 8x10 tile.png */,
			);
			name = tile;
			sourceTree = "<group>";
		};
		FBA8237F1D7BC5CA0028D3A1 /* slate */ = {
			isa = PBXGroup;
			children = (
				FBA823A61D7BC6BE0028D3A1 /* 6x6 slate.png */,
				FBA823A71D7BC6BE0028D3A1 /* 6x8 slate.png */,
				FBA823A81D7BC6BE0028D3A1 /* 8x12 slate.png */,
			);
			name = slate;
			sourceTree = "<group>";
		};
		FBA823E11D7CB1340028D3A1 /* Sendpulse */ = {
			isa = PBXGroup;
			children = (
				FBA823BC1D7CB1140028D3A1 /* RTSerializer.h */,
				FBA823BD1D7CB1140028D3A1 /* RTSerializer.m */,
				FBA823BF1D7CB11F0028D3A1 /* Sendpulse.h */,
				FBA823C01D7CB11F0028D3A1 /* Sendpulse.m */,
				FBA823C21D7CB1280028D3A1 /* SBJson.h */,
				FBA823C31D7CB1280028D3A1 /* SBJsonParser.h */,
				FBA823C41D7CB1280028D3A1 /* SBJsonParser.m */,
				FBA823C51D7CB1280028D3A1 /* SBJsonStreamParser.h */,
				FBA823C61D7CB1280028D3A1 /* SBJsonStreamParser.m */,
				FBA823C71D7CB1280028D3A1 /* SBJsonStreamParserAccumulator.h */,
				FBA823C81D7CB1280028D3A1 /* SBJsonStreamParserAccumulator.m */,
				FBA823C91D7CB1280028D3A1 /* SBJsonStreamParserAdapter.h */,
				FBA823CA1D7CB1280028D3A1 /* SBJsonStreamParserAdapter.m */,
				FBA823CB1D7CB1280028D3A1 /* SBJsonStreamParserState.h */,
				FBA823CC1D7CB1280028D3A1 /* SBJsonStreamParserState.m */,
				FBA823CD1D7CB1280028D3A1 /* SBJsonStreamTokeniser.h */,
				FBA823CE1D7CB1280028D3A1 /* SBJsonStreamTokeniser.m */,
				FBA823CF1D7CB1280028D3A1 /* SBJsonStreamWriter.h */,
				FBA823D01D7CB1280028D3A1 /* SBJsonStreamWriter.m */,
				FBA823D11D7CB1280028D3A1 /* SBJsonStreamWriterAccumulator.h */,
				FBA823D21D7CB1280028D3A1 /* SBJsonStreamWriterAccumulator.m */,
				FBA823D31D7CB1280028D3A1 /* SBJsonStreamWriterState.h */,
				FBA823D41D7CB1280028D3A1 /* SBJsonStreamWriterState.m */,
				FBA823D51D7CB1280028D3A1 /* SBJsonWriter.h */,
				FBA823D61D7CB1280028D3A1 /* SBJsonWriter.m */,
			);
			name = Sendpulse;
			path = "Metal Prints";
			sourceTree = "<group>";
		};
		FBF301CB1D6ABBD90076C070 /* User */ = {
			isa = PBXGroup;
			children = (
				FBF301BF1D6A445B0076C070 /* UserObject.h */,
				FBF301C01D6A445B0076C070 /* UserObject.m */,
				FBF301C21D6A449B0076C070 /* UserShipping.h */,
				FBF301C31D6A449B0076C070 /* UserShipping.m */,
				FBF301C51D6A44A60076C070 /* UserBilling.h */,
				FBF301C61D6A44A60076C070 /* UserBilling.m */,
				FBF301C81D6A45980076C070 /* UserPayment.h */,
				FBF301C91D6A45980076C070 /* UserPayment.m */,
			);
			name = User;
			sourceTree = "<group>";
		};
		FBF301CF1D6B2F580076C070 /* Order TableViews */ = {
			isa = PBXGroup;
			children = (
				932F2ED61CC897FC0050094A /* ShippingTVC.h */,
				932F2ED71CC897FC0050094A /* ShippingTVC.m */,
				932F2ED31CC897ED0050094A /* CCTVC.h */,
				932F2ED41CC897ED0050094A /* CCTVC.m */,
				938660201CDFD7A100C1F208 /* ActualCCTVC.h */,
				938660211CDFD7A100C1F208 /* ActualCCTVC.m */,
			);
			name = "Order TableViews";
			sourceTree = "<group>";
		};
		FBF301D01D6B2F730076C070 /* Order VCs */ = {
			isa = PBXGroup;
			children = (
				FB5047F91D5E94B500B2E223 /* ShippingInfoVC.h */,
				FB5047FA1D5E94B500B2E223 /* ShippingInfoVC.m */,
				FBF301CC1D6B2F460076C070 /* BillingVC.h */,
				FBF301CD1D6B2F460076C070 /* BillingVC.m */,
				FBF301D11D6B2FCE0076C070 /* PaymentVC.h */,
				FBF301D21D6B2FCE0076C070 /* PaymentVC.m */,
				FBA823451D7A87430028D3A1 /* StripeViewController.h */,
				FBA823461D7A87430028D3A1 /* StripeViewController.m */,
			);
			name = "Order VCs";
			sourceTree = "<group>";
		};
/* End PBXGroup section */

/* Begin PBXNativeTarget section */
		932F2E911CC88BCD0050094A /* Metal Prints */ = {
			isa = PBXNativeTarget;
			buildConfigurationList = 932F2EBF1CC88BD10050094A /* Build configuration list for PBXNativeTarget "Metal Prints" */;
			buildPhases = (
				932F2E8E1CC88BCD0050094A /* Sources */,
				932F2E8F1CC88BCD0050094A /* Frameworks */,
				932F2E901CC88BCD0050094A /* Resources */,
			);
			buildRules = (
			);
			dependencies = (
			);
			name = "Metal Prints";
			productName = "Metal Prints";
			productReference = 932F2E921CC88BCD0050094A /* Metal Prints.app */;
			productType = "com.apple.product-type.application";
		};
		932F2EAA1CC88BD10050094A /* Metal PrintsTests */ = {
			isa = PBXNativeTarget;
			buildConfigurationList = 932F2EC21CC88BD10050094A /* Build configuration list for PBXNativeTarget "Metal PrintsTests" */;
			buildPhases = (
				932F2EA71CC88BD10050094A /* Sources */,
				932F2EA81CC88BD10050094A /* Frameworks */,
				932F2EA91CC88BD10050094A /* Resources */,
			);
			buildRules = (
			);
			dependencies = (
				932F2EAD1CC88BD10050094A /* PBXTargetDependency */,
			);
			name = "Metal PrintsTests";
			productName = "Metal PrintsTests";
			productReference = 932F2EAB1CC88BD10050094A /* Metal PrintsTests.xctest */;
			productType = "com.apple.product-type.bundle.unit-test";
		};
		932F2EB51CC88BD10050094A /* Metal PrintsUITests */ = {
			isa = PBXNativeTarget;
			buildConfigurationList = 932F2EC51CC88BD10050094A /* Build configuration list for PBXNativeTarget "Metal PrintsUITests" */;
			buildPhases = (
				932F2EB21CC88BD10050094A /* Sources */,
				932F2EB31CC88BD10050094A /* Frameworks */,
				932F2EB41CC88BD10050094A /* Resources */,
			);
			buildRules = (
			);
			dependencies = (
				932F2EB81CC88BD10050094A /* PBXTargetDependency */,
			);
			name = "Metal PrintsUITests";
			productName = "Metal PrintsUITests";
			productReference = 932F2EB61CC88BD10050094A /* Metal PrintsUITests.xctest */;
			productType = "com.apple.product-type.bundle.ui-testing";
		};
/* End PBXNativeTarget section */

/* Begin PBXProject section */
		932F2E8A1CC88BCD0050094A /* Project object */ = {
			isa = PBXProject;
			attributes = {
				LastUpgradeCheck = 0730;
				ORGANIZATIONNAME = "Pocket Tools";
				TargetAttributes = {
					932F2E911CC88BCD0050094A = {
						CreatedOnToolsVersion = 7.3;
						DevelopmentTeam = 3XFDFJ6889;
					};
					932F2EAA1CC88BD10050094A = {
						CreatedOnToolsVersion = 7.3;
						TestTargetID = 932F2E911CC88BCD0050094A;
					};
					932F2EB51CC88BD10050094A = {
						CreatedOnToolsVersion = 7.3;
						TestTargetID = 932F2E911CC88BCD0050094A;
					};
				};
			};
			buildConfigurationList = 932F2E8D1CC88BCD0050094A /* Build configuration list for PBXProject "Metal Prints" */;
			compatibilityVersion = "Xcode 3.2";
			developmentRegion = English;
			hasScannedForEncodings = 0;
			knownRegions = (
				en,
				Base,
			);
			mainGroup = 932F2E891CC88BCD0050094A;
			productRefGroup = 932F2E931CC88BCD0050094A /* Products */;
			projectDirPath = "";
			projectRoot = "";
			targets = (
				932F2E911CC88BCD0050094A /* Metal Prints */,
				932F2EAA1CC88BD10050094A /* Metal PrintsTests */,
				932F2EB51CC88BD10050094A /* Metal PrintsUITests */,
			);
		};
/* End PBXProject section */

/* Begin PBXResourcesBuildPhase section */
		932F2E901CC88BCD0050094A /* Resources */ = {
			isa = PBXResourcesBuildPhase;
			buildActionMask = 2147483647;
			files = (
				932F2F131CC9A3240050094A /* up-down.png in Resources */,
				FB5047F41D5D649C00B2E223 /* wildtextures-old-wood-original-file.jpg in Resources */,
				9369C8BE1D3C384900FCD2CC /* thin-363_photo_image_album-512.png in Resources */,
				FBA823971D7BC6B70028D3A1 /* 4x4 aluminum.png in Resources */,
				FBE5C83F1D74756C00B78EC6 /* Screen Shot 2016-08-29 at 6.50.44 AM.png in Resources */,
				FBA823A01D7BC6B70028D3A1 /* 8x12 aluminum.png in Resources */,
				FBA823B81D7BC6CA0028D3A1 /* 8x8 wood.png in Resources */,
				932F2F1C1CC9DDE40050094A /* shopping cart.png in Resources */,
				FBA8239E1D7BC6B70028D3A1 /* 8x8 aluminum.png in Resources */,
				FB5047F61D5D64D100B2E223 /* broadway-coffee-mug.jpg in Resources */,
				932F2ECF1CC8946E0050094A /* camera icon.png in Resources */,
				932F2F181CC9D6730050094A /* photosonwood4web.jpg in Resources */,
				932F2EA51CC88BD10050094A /* LaunchScreen.storyboard in Resources */,
				FB5047F21D5D642E00B2E223 /* aluminum-tin-cans.jpg in Resources */,
				9369C8C21D3C389900FCD2CC /* shop-icon.png in Resources */,
				FBA823A11D7BC6B70028D3A1 /* 10x10 aluminum.png in Resources */,
				FBE5C8411D74775A00B78EC6 /* secure-payment.png in Resources */,
				FBA823441D7A85200028D3A1 /* Stripe.bundle in Resources */,
				FBA823BB1D7BC6CA0028D3A1 /* 11x14 wood.png in Resources */,
				FB5047F81D5D64EB00B2E223 /* d4e7cb05ecf41db9a0b4cafccae2c4a0.jpg in Resources */,
				FBA823B21D7BC6C30028D3A1 /* 6x8 tile.png in Resources */,
				932F2EA21CC88BD10050094A /* Assets.xcassets in Resources */,
				FBA823401D79A5300028D3A1 /* LoveStoryProjectLogo.jpg in Resources */,
				FBA823A51D7BC6B70028D3A1 /* 12x18 aluminum.png in Resources */,
				FBA823BA1D7BC6CA0028D3A1 /* 10x10 wood.png in Resources */,
				FBBF087E1D6A1A3900BF5332 /* rounded-512.png in Resources */,
				FBA823A21D7BC6B70028D3A1 /* 11x14 aluminum.png in Resources */,
				FBA823AB1D7BC6BE0028D3A1 /* 8x12 slate.png in Resources */,
				932F2EA01CC88BD10050094A /* Main.storyboard in Resources */,
				FBA8239F1D7BC6B70028D3A1 /* 8x10 aluminum.png in Resources */,
				932F2F161CC9D5E80050094A /* photos_on_aluminum.jpg in Resources */,
				9369C8D11D3F250A00FCD2CC /* MW-Icon-CheckMark.svg.png in Resources */,
				932F2F111CC988460050094A /* photo icon.png in Resources */,
				FBA823B91D7BC6CA0028D3A1 /* 8x10 wood.png in Resources */,
				FB4FE78D1D80EF80004C72E0 /* Main_4_inch.storyboard in Resources */,
				9369C8CF1D3DC6CC00FCD2CC /* photo-gallery-512.png in Resources */,
				932F2F101CC988460050094A /* camera.png in Resources */,
				FBA823981D7BC6B70028D3A1 /* 4x6 aluminum.png in Resources */,
				FBA823B01D7BC6C30028D3A1 /* 4x4 tile.png in Resources */,
				FBA823A31D7BC6B70028D3A1 /* 11x17 aluminum.png in Resources */,
				FBA823B31D7BC6C30028D3A1 /* 8x10 tile.png in Resources */,
				FBA8239B1D7BC6B70028D3A1 /* 5x10 aluminum.png in Resources */,
				FBA823991D7BC6B70028D3A1 /* 5x5  aluminum.png in Resources */,
				FBA823AA1D7BC6BE0028D3A1 /* 6x8 slate.png in Resources */,
				FBA823961D7BC6B70028D3A1 /* 2x3 aluminum.png in Resources */,
				9369C8C01D3C387D00FCD2CC /* grocery-cart-icon-6.png in Resources */,
				FB4FE7901D80EF93004C72E0 /* Main_3.5_inch.storyboard in Resources */,
				FBA8239C1D7BC6B70028D3A1 /* 5x11 aluminum.png in Resources */,
				FBA823A41D7BC6B70028D3A1 /* 12x12 aluminum.png in Resources */,
				FBA8239A1D7BC6B70028D3A1 /* 5x7 aluminum.png in Resources */,
				FBA823B11D7BC6C30028D3A1 /* 6x6 tile.png in Resources */,
				FBA823A91D7BC6BE0028D3A1 /* 6x6 slate.png in Resources */,
				932F2F0D1CC96A780050094A /* plainicon.com-54418-512px-51c.png in Resources */,
				FBA8239D1D7BC6B70028D3A1 /* 5x17 aluminum.png in Resources */,
			);
			runOnlyForDeploymentPostprocessing = 0;
		};
		932F2EA91CC88BD10050094A /* Resources */ = {
			isa = PBXResourcesBuildPhase;
			buildActionMask = 2147483647;
			files = (
			);
			runOnlyForDeploymentPostprocessing = 0;
		};
		932F2EB41CC88BD10050094A /* Resources */ = {
			isa = PBXResourcesBuildPhase;
			buildActionMask = 2147483647;
			files = (
			);
			runOnlyForDeploymentPostprocessing = 0;
		};
/* End PBXResourcesBuildPhase section */

/* Begin PBXSourcesBuildPhase section */
		932F2E8E1CC88BCD0050094A /* Sources */ = {
			isa = PBXSourcesBuildPhase;
			buildActionMask = 2147483647;
			files = (
				93CB294D1D4C1D0F00DD5F76 /* HighlightedImageCVC.m in Sources */,
				932F2F0B1CC963E10050094A /* Order.m in Sources */,
				FB35D0F11D5BB63100BCD6C6 /* ProductCollectionViewController.m in Sources */,
				FBA823DE1D7CB1280028D3A1 /* SBJsonStreamWriterAccumulator.m in Sources */,
				9399C4871CF8CBDD00818E10 /* DetailsTVCCell.m in Sources */,
				932F2EDB1CC898100050094A /* OrderPlacedVC.m in Sources */,
				932F2ED21CC894C70050094A /* DetailsTVC.m in Sources */,
				FBA823D91D7CB1280028D3A1 /* SBJsonStreamParserAccumulator.m in Sources */,
				FBA823DD1D7CB1280028D3A1 /* SBJsonStreamWriter.m in Sources */,
				FBF301C71D6A44A60076C070 /* UserBilling.m in Sources */,
				FB35D0EB1D5AE03100BCD6C6 /* ProductCategorySelectionCollection.m in Sources */,
				932F2E9D1CC88BD10050094A /* ViewController.m in Sources */,
				9369C8C81D3C951B00FCD2CC /* FXBlurView.m in Sources */,
				FBA823471D7A87430028D3A1 /* StripeViewController.m in Sources */,
				93B4DED11CCF25B900C6E07A /* CartTVCCell.m in Sources */,
				938660221CDFD7A100C1F208 /* ActualCCTVC.m in Sources */,
				FBA823E01D7CB1280028D3A1 /* SBJsonWriter.m in Sources */,
				932F2F071CC962920050094A /* Reachability.m in Sources */,
				FBA823C11D7CB11F0028D3A1 /* Sendpulse.m in Sources */,
				930CA6971D1CBE29003C6864 /* UserAccountTVC.m in Sources */,
				FBA823DB1D7CB1280028D3A1 /* SBJsonStreamParserState.m in Sources */,
				9369C8B61D3C2F0100FCD2CC /* TabController.m in Sources */,
				932F2E9A1CC88BD10050094A /* AppDelegate.m in Sources */,
				FBA823BE1D7CB1140028D3A1 /* RTSerializer.m in Sources */,
				932F2ED51CC897ED0050094A /* CCTVC.m in Sources */,
				FB35D0F41D5BB64200BCD6C6 /* ProductCollectionViewCell.m in Sources */,
				FBA823D71D7CB1280028D3A1 /* SBJsonParser.m in Sources */,
				FB35D0EE1D5AE3C000BCD6C6 /* ProductCategoryCell.m in Sources */,
				FBF301CA1D6A45980076C070 /* UserPayment.m in Sources */,
				FBF301CE1D6B2F460076C070 /* BillingVC.m in Sources */,
				FBA823DA1D7CB1280028D3A1 /* SBJsonStreamParserAdapter.m in Sources */,
				932F2EDE1CC8981D0050094A /* ProductsTVC.m in Sources */,
				934906591CCDAD2C00E69EB4 /* Front_EndVC.m in Sources */,
				FBF301D31D6B2FCE0076C070 /* PaymentVC.m in Sources */,
				932F2ECA1CC88C860050094A /* OrderTVC.m in Sources */,
				93C8CBDD1D1EFECB00EA4C5A /* ImageCollectionViewController.m in Sources */,
				932FCB651CF4059D00CF8869 /* TestVC.m in Sources */,
				932F2EE11CC89B4F0050094A /* ProductTVCCell.m in Sources */,
				FBE8DDEA1D79157400693765 /* LaunchController.m in Sources */,
				9369C8C51D3C943400FCD2CC /* ImageCropView.m in Sources */,
				FBA823DF1D7CB1280028D3A1 /* SBJsonStreamWriterState.m in Sources */,
				932F2ED81CC897FC0050094A /* ShippingTVC.m in Sources */,
				932F2E971CC88BD10050094A /* main.m in Sources */,
				9369C8CB1D3DC21900FCD2CC /* ImageCollectionViewCell.m in Sources */,
				9386601F1CDEC7B300C1F208 /* NonCopyPasteTextField.m in Sources */,
				FBF301C11D6A445B0076C070 /* UserObject.m in Sources */,
				FB5047FB1D5E94B500B2E223 /* ShippingInfoVC.m in Sources */,
				FBF301C41D6A449B0076C070 /* UserShipping.m in Sources */,
				93B4DECE1CCF259700C6E07A /* ShoppingCartTVC.m in Sources */,
				FBA823DC1D7CB1280028D3A1 /* SBJsonStreamTokeniser.m in Sources */,
				FBA823D81D7CB1280028D3A1 /* SBJsonStreamParser.m in Sources */,
			);
			runOnlyForDeploymentPostprocessing = 0;
		};
		932F2EA71CC88BD10050094A /* Sources */ = {
			isa = PBXSourcesBuildPhase;
			buildActionMask = 2147483647;
			files = (
				932F2EB01CC88BD10050094A /* Metal_PrintsTests.m in Sources */,
			);
			runOnlyForDeploymentPostprocessing = 0;
		};
		932F2EB21CC88BD10050094A /* Sources */ = {
			isa = PBXSourcesBuildPhase;
			buildActionMask = 2147483647;
			files = (
				932F2EBB1CC88BD10050094A /* Metal_PrintsUITests.m in Sources */,
			);
			runOnlyForDeploymentPostprocessing = 0;
		};
/* End PBXSourcesBuildPhase section */

/* Begin PBXTargetDependency section */
		932F2EAD1CC88BD10050094A /* PBXTargetDependency */ = {
			isa = PBXTargetDependency;
			target = 932F2E911CC88BCD0050094A /* Metal Prints */;
			targetProxy = 932F2EAC1CC88BD10050094A /* PBXContainerItemProxy */;
		};
		932F2EB81CC88BD10050094A /* PBXTargetDependency */ = {
			isa = PBXTargetDependency;
			target = 932F2E911CC88BCD0050094A /* Metal Prints */;
			targetProxy = 932F2EB71CC88BD10050094A /* PBXContainerItemProxy */;
		};
/* End PBXTargetDependency section */

/* Begin PBXVariantGroup section */
		932F2E9E1CC88BD10050094A /* Main.storyboard */ = {
			isa = PBXVariantGroup;
			children = (
				932F2E9F1CC88BD10050094A /* Base */,
			);
			name = Main.storyboard;
			sourceTree = "<group>";
		};
		932F2EA31CC88BD10050094A /* LaunchScreen.storyboard */ = {
			isa = PBXVariantGroup;
			children = (
				932F2EA41CC88BD10050094A /* Base */,
			);
			name = LaunchScreen.storyboard;
			sourceTree = "<group>";
		};
		FB4FE78E1D80EF93004C72E0 /* Main_3.5_inch.storyboard */ = {
			isa = PBXVariantGroup;
			children = (
				FB4FE78F1D80EF93004C72E0 /* Base */,
			);
			name = Main_3.5_inch.storyboard;
			sourceTree = "<group>";
		};
/* End PBXVariantGroup section */

/* Begin XCBuildConfiguration section */
		932F2EBD1CC88BD10050094A /* Debug */ = {
			isa = XCBuildConfiguration;
			buildSettings = {
				ALWAYS_SEARCH_USER_PATHS = NO;
				CLANG_ANALYZER_NONNULL = YES;
				CLANG_CXX_LANGUAGE_STANDARD = "gnu++0x";
				CLANG_CXX_LIBRARY = "libc++";
				CLANG_ENABLE_MODULES = YES;
				CLANG_ENABLE_OBJC_ARC = YES;
				CLANG_WARN_BOOL_CONVERSION = YES;
				CLANG_WARN_CONSTANT_CONVERSION = YES;
				CLANG_WARN_DIRECT_OBJC_ISA_USAGE = YES_ERROR;
				CLANG_WARN_EMPTY_BODY = YES;
				CLANG_WARN_ENUM_CONVERSION = YES;
				CLANG_WARN_INT_CONVERSION = YES;
				CLANG_WARN_OBJC_ROOT_CLASS = YES_ERROR;
				CLANG_WARN_UNREACHABLE_CODE = YES;
				CLANG_WARN__DUPLICATE_METHOD_MATCH = YES;
				"CODE_SIGN_IDENTITY[sdk=iphoneos*]" = "iPhone Developer";
				COPY_PHASE_STRIP = NO;
				DEBUG_INFORMATION_FORMAT = dwarf;
				ENABLE_STRICT_OBJC_MSGSEND = YES;
				ENABLE_TESTABILITY = YES;
				GCC_C_LANGUAGE_STANDARD = gnu99;
				GCC_DYNAMIC_NO_PIC = NO;
				GCC_NO_COMMON_BLOCKS = YES;
				GCC_OPTIMIZATION_LEVEL = 0;
				GCC_PREPROCESSOR_DEFINITIONS = (
					"DEBUG=1",
					"$(inherited)",
				);
				GCC_WARN_64_TO_32_BIT_CONVERSION = YES;
				GCC_WARN_ABOUT_RETURN_TYPE = YES_ERROR;
				GCC_WARN_UNDECLARED_SELECTOR = YES;
				GCC_WARN_UNINITIALIZED_AUTOS = YES_AGGRESSIVE;
				GCC_WARN_UNUSED_FUNCTION = YES;
				GCC_WARN_UNUSED_VARIABLE = YES;
				IPHONEOS_DEPLOYMENT_TARGET = 9.3;
				MTL_ENABLE_DEBUG_INFO = YES;
				ONLY_ACTIVE_ARCH = YES;
				SDKROOT = iphoneos;
			};
			name = Debug;
		};
		932F2EBE1CC88BD10050094A /* Release */ = {
			isa = XCBuildConfiguration;
			buildSettings = {
				ALWAYS_SEARCH_USER_PATHS = NO;
				CLANG_ANALYZER_NONNULL = YES;
				CLANG_CXX_LANGUAGE_STANDARD = "gnu++0x";
				CLANG_CXX_LIBRARY = "libc++";
				CLANG_ENABLE_MODULES = YES;
				CLANG_ENABLE_OBJC_ARC = YES;
				CLANG_WARN_BOOL_CONVERSION = YES;
				CLANG_WARN_CONSTANT_CONVERSION = YES;
				CLANG_WARN_DIRECT_OBJC_ISA_USAGE = YES_ERROR;
				CLANG_WARN_EMPTY_BODY = YES;
				CLANG_WARN_ENUM_CONVERSION = YES;
				CLANG_WARN_INT_CONVERSION = YES;
				CLANG_WARN_OBJC_ROOT_CLASS = YES_ERROR;
				CLANG_WARN_UNREACHABLE_CODE = YES;
				CLANG_WARN__DUPLICATE_METHOD_MATCH = YES;
				"CODE_SIGN_IDENTITY[sdk=iphoneos*]" = "iPhone Developer";
				COPY_PHASE_STRIP = NO;
				DEBUG_INFORMATION_FORMAT = "dwarf-with-dsym";
				ENABLE_NS_ASSERTIONS = NO;
				ENABLE_STRICT_OBJC_MSGSEND = YES;
				GCC_C_LANGUAGE_STANDARD = gnu99;
				GCC_NO_COMMON_BLOCKS = YES;
				GCC_WARN_64_TO_32_BIT_CONVERSION = YES;
				GCC_WARN_ABOUT_RETURN_TYPE = YES_ERROR;
				GCC_WARN_UNDECLARED_SELECTOR = YES;
				GCC_WARN_UNINITIALIZED_AUTOS = YES_AGGRESSIVE;
				GCC_WARN_UNUSED_FUNCTION = YES;
				GCC_WARN_UNUSED_VARIABLE = YES;
				IPHONEOS_DEPLOYMENT_TARGET = 9.3;
				MTL_ENABLE_DEBUG_INFO = NO;
				SDKROOT = iphoneos;
				VALIDATE_PRODUCT = YES;
			};
			name = Release;
		};
		932F2EC01CC88BD10050094A /* Debug */ = {
			isa = XCBuildConfiguration;
			buildSettings = {
				ALWAYS_SEARCH_USER_PATHS = YES;
				ASSETCATALOG_COMPILER_APPICON_NAME = AppIcon;
				CODE_SIGN_IDENTITY = "iPhone Developer";
				FRAMEWORK_SEARCH_PATHS = (
					"$(inherited)",
					"$(PROJECT_DIR)",
				);
				HEADER_SEARCH_PATHS = "";
				INFOPLIST_FILE = "Metal Prints/Info.plist";
				LD_RUNPATH_SEARCH_PATHS = "$(inherited) @executable_path/Frameworks";
				OTHER_LDFLAGS = "-ObjC";
				PRODUCT_BUNDLE_IDENTIFIER = "PocketTools.Metal-Prints";
				PRODUCT_NAME = "$(TARGET_NAME)";
			};
			name = Debug;
		};
		932F2EC11CC88BD10050094A /* Release */ = {
			isa = XCBuildConfiguration;
			buildSettings = {
				ALWAYS_SEARCH_USER_PATHS = YES;
				ASSETCATALOG_COMPILER_APPICON_NAME = AppIcon;
				CODE_SIGN_IDENTITY = "iPhone Developer";
				FRAMEWORK_SEARCH_PATHS = (
					"$(inherited)",
					"$(PROJECT_DIR)",
				);
				HEADER_SEARCH_PATHS = "";
				INFOPLIST_FILE = "Metal Prints/Info.plist";
				LD_RUNPATH_SEARCH_PATHS = "$(inherited) @executable_path/Frameworks";
				OTHER_LDFLAGS = "-ObjC";
				PRODUCT_BUNDLE_IDENTIFIER = "PocketTools.Metal-Prints";
				PRODUCT_NAME = "$(TARGET_NAME)";
			};
			name = Release;
		};
		932F2EC31CC88BD10050094A /* Debug */ = {
			isa = XCBuildConfiguration;
			buildSettings = {
				BUNDLE_LOADER = "$(TEST_HOST)";
				INFOPLIST_FILE = "Metal PrintsTests/Info.plist";
				LD_RUNPATH_SEARCH_PATHS = "$(inherited) @executable_path/Frameworks @loader_path/Frameworks";
				PRODUCT_BUNDLE_IDENTIFIER = "PocketTools.Metal-PrintsTests";
				PRODUCT_NAME = "$(TARGET_NAME)";
				TEST_HOST = "$(BUILT_PRODUCTS_DIR)/Metal Prints.app/Metal Prints";
			};
			name = Debug;
		};
		932F2EC41CC88BD10050094A /* Release */ = {
			isa = XCBuildConfiguration;
			buildSettings = {
				BUNDLE_LOADER = "$(TEST_HOST)";
				INFOPLIST_FILE = "Metal PrintsTests/Info.plist";
				LD_RUNPATH_SEARCH_PATHS = "$(inherited) @executable_path/Frameworks @loader_path/Frameworks";
				PRODUCT_BUNDLE_IDENTIFIER = "PocketTools.Metal-PrintsTests";
				PRODUCT_NAME = "$(TARGET_NAME)";
				TEST_HOST = "$(BUILT_PRODUCTS_DIR)/Metal Prints.app/Metal Prints";
			};
			name = Release;
		};
		932F2EC61CC88BD10050094A /* Debug */ = {
			isa = XCBuildConfiguration;
			buildSettings = {
				INFOPLIST_FILE = "Metal PrintsUITests/Info.plist";
				LD_RUNPATH_SEARCH_PATHS = "$(inherited) @executable_path/Frameworks @loader_path/Frameworks";
				PRODUCT_BUNDLE_IDENTIFIER = "PocketTools.Metal-PrintsUITests";
				PRODUCT_NAME = "$(TARGET_NAME)";
				TEST_TARGET_NAME = "Metal Prints";
			};
			name = Debug;
		};
		932F2EC71CC88BD10050094A /* Release */ = {
			isa = XCBuildConfiguration;
			buildSettings = {
				INFOPLIST_FILE = "Metal PrintsUITests/Info.plist";
				LD_RUNPATH_SEARCH_PATHS = "$(inherited) @executable_path/Frameworks @loader_path/Frameworks";
				PRODUCT_BUNDLE_IDENTIFIER = "PocketTools.Metal-PrintsUITests";
				PRODUCT_NAME = "$(TARGET_NAME)";
				TEST_TARGET_NAME = "Metal Prints";
			};
			name = Release;
		};
/* End XCBuildConfiguration section */

/* Begin XCConfigurationList section */
		932F2E8D1CC88BCD0050094A /* Build configuration list for PBXProject "Metal Prints" */ = {
			isa = XCConfigurationList;
			buildConfigurations = (
				932F2EBD1CC88BD10050094A /* Debug */,
				932F2EBE1CC88BD10050094A /* Release */,
			);
			defaultConfigurationIsVisible = 0;
			defaultConfigurationName = Release;
		};
		932F2EBF1CC88BD10050094A /* Build configuration list for PBXNativeTarget "Metal Prints" */ = {
			isa = XCConfigurationList;
			buildConfigurations = (
				932F2EC01CC88BD10050094A /* Debug */,
				932F2EC11CC88BD10050094A /* Release */,
			);
			defaultConfigurationIsVisible = 0;
			defaultConfigurationName = Release;
		};
		932F2EC21CC88BD10050094A /* Build configuration list for PBXNativeTarget "Metal PrintsTests" */ = {
			isa = XCConfigurationList;
			buildConfigurations = (
				932F2EC31CC88BD10050094A /* Debug */,
				932F2EC41CC88BD10050094A /* Release */,
			);
			defaultConfigurationIsVisible = 0;
			defaultConfigurationName = Release;
		};
		932F2EC51CC88BD10050094A /* Build configuration list for PBXNativeTarget "Metal PrintsUITests" */ = {
			isa = XCConfigurationList;
			buildConfigurations = (
				932F2EC61CC88BD10050094A /* Debug */,
				932F2EC71CC88BD10050094A /* Release */,
			);
			defaultConfigurationIsVisible = 0;
			defaultConfigurationName = Release;
		};
/* End XCConfigurationList section */
	};
	rootObject = 932F2E8A1CC88BCD0050094A /* Project object */;
}
